// !$*UTF8*$!
{
	archiveVersion = 1;
	classes = {
	};
	objectVersion = 55;
	objects = {

/* Begin PBXBuildFile section */
		FF0E2A0B299D47FA0011BF01 /* String.swift in Sources */ = {isa = PBXBuildFile; fileRef = FF0E2A0A299D47FA0011BF01 /* String.swift */; };
		FF1A339329A76AB500BA9732 /* SecondaryButton.swift in Sources */ = {isa = PBXBuildFile; fileRef = FF1A339229A76AB500BA9732 /* SecondaryButton.swift */; };
		FF1E1A3F29B0FAB000449C89 /* TabBarView.swift in Sources */ = {isa = PBXBuildFile; fileRef = FF1E1A3E29B0FAB000449C89 /* TabBarView.swift */; };
		FF1E1A4129B0FACD00449C89 /* TabBarItem.swift in Sources */ = {isa = PBXBuildFile; fileRef = FF1E1A4029B0FACD00449C89 /* TabBarItem.swift */; };
		FF1E1A4329B0FBBE00449C89 /* BookingCardView.swift in Sources */ = {isa = PBXBuildFile; fileRef = FF1E1A4229B0FBBE00449C89 /* BookingCardView.swift */; };
		FF1E49A829A3EA03004B6FE1 /* RestaurantBannerView.swift in Sources */ = {isa = PBXBuildFile; fileRef = FF1E49A729A3EA03004B6FE1 /* RestaurantBannerView.swift */; };
		FF1E49AA29A3EB2F004B6FE1 /* Double.swift in Sources */ = {isa = PBXBuildFile; fileRef = FF1E49A929A3EB2F004B6FE1 /* Double.swift */; };
		FF2CAB4F29A368A600E062E1 /* MainView.swift in Sources */ = {isa = PBXBuildFile; fileRef = FF2CAB4E29A368A600E062E1 /* MainView.swift */; };
		FF2CAB5529A3743600E062E1 /* MapView.swift in Sources */ = {isa = PBXBuildFile; fileRef = FF2CAB5429A3743600E062E1 /* MapView.swift */; };
		FF2CAB5829A3744500E062E1 /* BookingView.swift in Sources */ = {isa = PBXBuildFile; fileRef = FF2CAB5729A3744500E062E1 /* BookingView.swift */; };
		FF2CAB5B29A3745300E062E1 /* EditProfileView.swift in Sources */ = {isa = PBXBuildFile; fileRef = FF2CAB5A29A3745300E062E1 /* EditProfileView.swift */; };
		FF2CAB5E29A37BE300E062E1 /* SearchFieldView.swift in Sources */ = {isa = PBXBuildFile; fileRef = FF2CAB5D29A37BE300E062E1 /* SearchFieldView.swift */; };
		FF2CAB6129A3820100E062E1 /* Category.swift in Sources */ = {isa = PBXBuildFile; fileRef = FF2CAB6029A3820100E062E1 /* Category.swift */; };
		FF2CAB6329A382B400E062E1 /* HomeViewModel.swift in Sources */ = {isa = PBXBuildFile; fileRef = FF2CAB6229A382B400E062E1 /* HomeViewModel.swift */; };
		FF2CAB6529A3886A00E062E1 /* CategoryCollectionView.swift in Sources */ = {isa = PBXBuildFile; fileRef = FF2CAB6429A3886A00E062E1 /* CategoryCollectionView.swift */; };
		FF2CAB6729A38AAA00E062E1 /* PreviewProvider.swift in Sources */ = {isa = PBXBuildFile; fileRef = FF2CAB6629A38AAA00E062E1 /* PreviewProvider.swift */; };
		FF2CAB6929A38EA400E062E1 /* Restaurant.swift in Sources */ = {isa = PBXBuildFile; fileRef = FF2CAB6829A38EA400E062E1 /* Restaurant.swift */; };
		FF2CAB6B29A3CDC500E062E1 /* UIApplication.swift in Sources */ = {isa = PBXBuildFile; fileRef = FF2CAB6A29A3CDC500E062E1 /* UIApplication.swift */; };
		FF41F1E7299C939B003B1745 /* RestaurantBookingApp.swift in Sources */ = {isa = PBXBuildFile; fileRef = FF41F1E6299C939B003B1745 /* RestaurantBookingApp.swift */; };
		FF41F1E9299C939B003B1745 /* ContentView.swift in Sources */ = {isa = PBXBuildFile; fileRef = FF41F1E8299C939B003B1745 /* ContentView.swift */; };
		FF41F1EB299C939E003B1745 /* Assets.xcassets in Resources */ = {isa = PBXBuildFile; fileRef = FF41F1EA299C939E003B1745 /* Assets.xcassets */; };
		FF41F1EE299C939E003B1745 /* Preview Assets.xcassets in Resources */ = {isa = PBXBuildFile; fileRef = FF41F1ED299C939E003B1745 /* Preview Assets.xcassets */; };
		FF41F1F7299C979C003B1745 /* Color.swift in Sources */ = {isa = PBXBuildFile; fileRef = FF41F1F6299C979C003B1745 /* Color.swift */; };
		FF41F1FC299C98E0003B1745 /* SignInView.swift in Sources */ = {isa = PBXBuildFile; fileRef = FF41F1FB299C98E0003B1745 /* SignInView.swift */; };
		FF41F1FF299C9D41003B1745 /* DividerWithText.swift in Sources */ = {isa = PBXBuildFile; fileRef = FF41F1FE299C9D41003B1745 /* DividerWithText.swift */; };
		FF41F203299C9E92003B1745 /* PrimaryButton.swift in Sources */ = {isa = PBXBuildFile; fileRef = FF41F202299C9E92003B1745 /* PrimaryButton.swift */; };
		FF41F205299CA209003B1745 /* RegistrationBottomHelperButton.swift in Sources */ = {isa = PBXBuildFile; fileRef = FF41F204299CA209003B1745 /* RegistrationBottomHelperButton.swift */; };
		FF41F209299CA44A003B1745 /* LoginView.swift in Sources */ = {isa = PBXBuildFile; fileRef = FF41F208299CA44A003B1745 /* LoginView.swift */; };
		FF41F20B299CAA99003B1745 /* EmailField.swift in Sources */ = {isa = PBXBuildFile; fileRef = FF41F20A299CAA99003B1745 /* EmailField.swift */; };
		FF41F20D299CACDA003B1745 /* PasswordField.swift in Sources */ = {isa = PBXBuildFile; fileRef = FF41F20C299CACDA003B1745 /* PasswordField.swift */; };
		FF41F210299CAF6B003B1745 /* EmailPasswordModifier.swift in Sources */ = {isa = PBXBuildFile; fileRef = FF41F20F299CAF6B003B1745 /* EmailPasswordModifier.swift */; };
		FF41F216299CB046003B1745 /* View.swift in Sources */ = {isa = PBXBuildFile; fileRef = FF41F215299CB046003B1745 /* View.swift */; };
		FF41F218299CB256003B1745 /* RemembeMeToggle.swift in Sources */ = {isa = PBXBuildFile; fileRef = FF41F217299CB256003B1745 /* RemembeMeToggle.swift */; };
		FF41F21C299CBAB5003B1745 /* SignUpView.swift in Sources */ = {isa = PBXBuildFile; fileRef = FF41F21B299CBAB5003B1745 /* SignUpView.swift */; };
		FF41F21E299CBD8E003B1745 /* PasswordConfirmField.swift in Sources */ = {isa = PBXBuildFile; fileRef = FF41F21D299CBD8E003B1745 /* PasswordConfirmField.swift */; };
		FF41F220299CBF2C003B1745 /* SignInWithView.swift in Sources */ = {isa = PBXBuildFile; fileRef = FF41F21F299CBF2C003B1745 /* SignInWithView.swift */; };
		FF41F227299CC3E1003B1745 /* ProfileSetupView.swift in Sources */ = {isa = PBXBuildFile; fileRef = FF41F226299CC3E1003B1745 /* ProfileSetupView.swift */; };
		FF41F229299CC566003B1745 /* ProfileImageView.swift in Sources */ = {isa = PBXBuildFile; fileRef = FF41F228299CC566003B1745 /* ProfileImageView.swift */; };
		FF41F22B299CC721003B1745 /* ProfileImageViewModifier.swift in Sources */ = {isa = PBXBuildFile; fileRef = FF41F22A299CC721003B1745 /* ProfileImageViewModifier.swift */; };
		FF43291C29A21DD900AEA0EA /* KeychainService.swift in Sources */ = {isa = PBXBuildFile; fileRef = FF43291B29A21DD900AEA0EA /* KeychainService.swift */; };
		FF43291F29A2289F00AEA0EA /* HomeView.swift in Sources */ = {isa = PBXBuildFile; fileRef = FF43291E29A2289F00AEA0EA /* HomeView.swift */; };
		FF470E6929A0DE1E00314934 /* NewPasswordView.swift in Sources */ = {isa = PBXBuildFile; fileRef = FF470E6829A0DE1E00314934 /* NewPasswordView.swift */; };
		FF470E6C29A129D400314934 /* Credentials.swift in Sources */ = {isa = PBXBuildFile; fileRef = FF470E6B29A129D400314934 /* Credentials.swift */; };
		FF470E6F29A12A1600314934 /* LoginViewModel.swift in Sources */ = {isa = PBXBuildFile; fileRef = FF470E6E29A12A1600314934 /* LoginViewModel.swift */; };
		FF470E7229A12FCA00314934 /* AuthService.swift in Sources */ = {isa = PBXBuildFile; fileRef = FF470E7129A12FCA00314934 /* AuthService.swift */; };
		FF470E7829A13D7600314934 /* ProcessingView.swift in Sources */ = {isa = PBXBuildFile; fileRef = FF470E7729A13D7600314934 /* ProcessingView.swift */; };
		FF470E7A29A1457B00314934 /* Authentication.swift in Sources */ = {isa = PBXBuildFile; fileRef = FF470E7929A1457B00314934 /* Authentication.swift */; };
		FF518F5629CB92CA00A285CD /* OrderView.swift in Sources */ = {isa = PBXBuildFile; fileRef = FF518F5529CB92CA00A285CD /* OrderView.swift */; };
		FF5391BC29BCAB61004AF07D /* CommentBoxView.swift in Sources */ = {isa = PBXBuildFile; fileRef = FF5391BB29BCAB61004AF07D /* CommentBoxView.swift */; };
		FF5391BE29BCAB7F004AF07D /* Comment.swift in Sources */ = {isa = PBXBuildFile; fileRef = FF5391BD29BCAB7F004AF07D /* Comment.swift */; };
		FF5391C029BCAC06004AF07D /* User.swift in Sources */ = {isa = PBXBuildFile; fileRef = FF5391BF29BCAC06004AF07D /* User.swift */; };
		FF5391C229BCB72A004AF07D /* CommentView.swift in Sources */ = {isa = PBXBuildFile; fileRef = FF5391C129BCB72A004AF07D /* CommentView.swift */; };
		FF53992C29C8D2E800CA0F89 /* FoodViewModel.swift in Sources */ = {isa = PBXBuildFile; fileRef = FF53992B29C8D2E800CA0F89 /* FoodViewModel.swift */; };
		FF59750729D75425009E15D0 /* Point.swift in Sources */ = {isa = PBXBuildFile; fileRef = FF59750629D75425009E15D0 /* Point.swift */; };
		FF59750929D76C1E009E15D0 /* AddPaymentMethodView.swift in Sources */ = {isa = PBXBuildFile; fileRef = FF59750829D76C1E009E15D0 /* AddPaymentMethodView.swift */; };
		FF68D23D29D81F920064ECF9 /* AddPaymentViewModel.swift in Sources */ = {isa = PBXBuildFile; fileRef = FF68D23C29D81F920064ECF9 /* AddPaymentViewModel.swift */; };
		FF68D23F29D83F760064ECF9 /* ReserveInfoView.swift in Sources */ = {isa = PBXBuildFile; fileRef = FF68D23E29D83F760064ECF9 /* ReserveInfoView.swift */; };
		FF68D24129D83FF00064ECF9 /* ReservedRestaurant.swift in Sources */ = {isa = PBXBuildFile; fileRef = FF68D24029D83FF00064ECF9 /* ReservedRestaurant.swift */; };
		FF68D24329D8412E0064ECF9 /* ReservedRestaurantDetail.swift in Sources */ = {isa = PBXBuildFile; fileRef = FF68D24229D8412E0064ECF9 /* ReservedRestaurantDetail.swift */; };
		FF68D24629D8A16D0064ECF9 /* EditProfileViewModel.swift in Sources */ = {isa = PBXBuildFile; fileRef = FF68D24529D8A16D0064ECF9 /* EditProfileViewModel.swift */; };
		FF68D24829D8A45A0064ECF9 /* ProfileView.swift in Sources */ = {isa = PBXBuildFile; fileRef = FF68D24729D8A45A0064ECF9 /* ProfileView.swift */; };
		FF68D24A29D8A4AB0064ECF9 /* ProfileViewModel.swift in Sources */ = {isa = PBXBuildFile; fileRef = FF68D24929D8A4AB0064ECF9 /* ProfileViewModel.swift */; };
		FF68D25329D8AEE10064ECF9 /* SecurityView.swift in Sources */ = {isa = PBXBuildFile; fileRef = FF68D25229D8AEE10064ECF9 /* SecurityView.swift */; };
		FF68D25529D8AF4E0064ECF9 /* SecurityViewModel.swift in Sources */ = {isa = PBXBuildFile; fileRef = FF68D25429D8AF4E0064ECF9 /* SecurityViewModel.swift */; };
		FF68D25829D8B0100064ECF9 /* Biometrics.swift in Sources */ = {isa = PBXBuildFile; fileRef = FF68D25729D8B0100064ECF9 /* Biometrics.swift */; };
		FF68D25D29D8B3900064ECF9 /* PaymentView.swift in Sources */ = {isa = PBXBuildFile; fileRef = FF68D25C29D8B3900064ECF9 /* PaymentView.swift */; };
		FF68D25F29D8B3B30064ECF9 /* PaymentViewModel.swift in Sources */ = {isa = PBXBuildFile; fileRef = FF68D25E29D8B3B30064ECF9 /* PaymentViewModel.swift */; };
		FF68D26129D8B3F50064ECF9 /* PaymentCard.swift in Sources */ = {isa = PBXBuildFile; fileRef = FF68D26029D8B3F50064ECF9 /* PaymentCard.swift */; };
		FF6E671529CEFA3A00B3FE7D /* OrderViewModel.swift in Sources */ = {isa = PBXBuildFile; fileRef = FF6E671429CEFA3A00B3FE7D /* OrderViewModel.swift */; };
		FF6E671729CF014E00B3FE7D /* BookingRestaurant.swift in Sources */ = {isa = PBXBuildFile; fileRef = FF6E671629CF014E00B3FE7D /* BookingRestaurant.swift */; };
		FF6E671A29CF12E200B3FE7D /* BookingService.swift in Sources */ = {isa = PBXBuildFile; fileRef = FF6E671929CF12E200B3FE7D /* BookingService.swift */; };
		FF6E671C29CF289000B3FE7D /* Date.swift in Sources */ = {isa = PBXBuildFile; fileRef = FF6E671B29CF289000B3FE7D /* Date.swift */; };
		FF737E8029D3471700E5F602 /* ConfirmationDialogModifier.swift in Sources */ = {isa = PBXBuildFile; fileRef = FF737E7F29D3471700E5F602 /* ConfirmationDialogModifier.swift */; };
		FF7F6C1229EFEC0D00649819 /* SchemeDataService.swift in Sources */ = {isa = PBXBuildFile; fileRef = FF7F6C1129EFEC0D00649819 /* SchemeDataService.swift */; };
		FF83D1E229D9723100081B94 /* LogoutView.swift in Sources */ = {isa = PBXBuildFile; fileRef = FF83D1E129D9723100081B94 /* LogoutView.swift */; };
		FF83D1E529D9777300081B94 /* RateRestaurantView.swift in Sources */ = {isa = PBXBuildFile; fileRef = FF83D1E429D9777300081B94 /* RateRestaurantView.swift */; };
		FF83D1E729D98C3900081B94 /* SignUpViewModel.swift in Sources */ = {isa = PBXBuildFile; fileRef = FF83D1E629D98C3900081B94 /* SignUpViewModel.swift */; };
		FF83D1EA29D99D5900081B94 /* KeychainManager.swift in Sources */ = {isa = PBXBuildFile; fileRef = FF83D1E929D99D5900081B94 /* KeychainManager.swift */; };
		FF841F1E29CA37DA00CA7593 /* OrderedFood.swift in Sources */ = {isa = PBXBuildFile; fileRef = FF841F1D29CA37DA00CA7593 /* OrderedFood.swift */; };
		FF874ED229D1EA2900C42306 /* UIFont.swift in Sources */ = {isa = PBXBuildFile; fileRef = FF874ED129D1EA2900C42306 /* UIFont.swift */; };
		FF8BA8B729B864DB00D71861 /* DetailView.swift in Sources */ = {isa = PBXBuildFile; fileRef = FF8BA8B629B864DB00D71861 /* DetailView.swift */; };
		FF8BA8B929B8816E00D71861 /* RestaurantRatingStarView.swift in Sources */ = {isa = PBXBuildFile; fileRef = FF8BA8B829B8816E00D71861 /* RestaurantRatingStarView.swift */; };
		FF8BA8BB29B8AD9500D71861 /* DetailMapView.swift in Sources */ = {isa = PBXBuildFile; fileRef = FF8BA8BA29B8AD9500D71861 /* DetailMapView.swift */; };
		FF8BA8BD29B8B60400D71861 /* RestaurantDetailViewModel.swift in Sources */ = {isa = PBXBuildFile; fileRef = FF8BA8BC29B8B60400D71861 /* RestaurantDetailViewModel.swift */; };
		FF90C25529EC188C005FAF4C /* TableInfoView.swift in Sources */ = {isa = PBXBuildFile; fileRef = FF90C25429EC188C005FAF4C /* TableInfoView.swift */; };
		FF90C25729EC1A55005FAF4C /* TableInfo.swift in Sources */ = {isa = PBXBuildFile; fileRef = FF90C25629EC1A55005FAF4C /* TableInfo.swift */; };
		FF92B92C29B63D71004981D6 /* RestaurantMapAnnotationView.swift in Sources */ = {isa = PBXBuildFile; fileRef = FF92B92B29B63D71004981D6 /* RestaurantMapAnnotationView.swift */; };
		FF936D4829CAF46D00302F3E /* FoodCardViewModel.swift in Sources */ = {isa = PBXBuildFile; fileRef = FF936D4729CAF46D00302F3E /* FoodCardViewModel.swift */; };
		FF936D4C29CB210600302F3E /* FoodDetailView.swift in Sources */ = {isa = PBXBuildFile; fileRef = FF936D4B29CB210600302F3E /* FoodDetailView.swift */; };
		FF94C75A29D5CAC400BF3072 /* BookedRestaurant.swift in Sources */ = {isa = PBXBuildFile; fileRef = FF94C75929D5CAC400BF3072 /* BookedRestaurant.swift */; };
		FF95225F29A53781000E0F57 /* Carousel.swift in Sources */ = {isa = PBXBuildFile; fileRef = FF95225E29A53781000E0F57 /* Carousel.swift */; };
		FF95EEAC29A7EFFE001D38DE /* RestaurantListView.swift in Sources */ = {isa = PBXBuildFile; fileRef = FF95EEAB29A7EFFE001D38DE /* RestaurantListView.swift */; };
		FF9F903D29C5ED4E00386B19 /* Food.swift in Sources */ = {isa = PBXBuildFile; fileRef = FF9F903C29C5ED4E00386B19 /* Food.swift */; };
		FF9F904229C5F68B00386B19 /* FoodCardView.swift in Sources */ = {isa = PBXBuildFile; fileRef = FF9F904129C5F68B00386B19 /* FoodCardView.swift */; };
		FF9F904429C5F91700386B19 /* FoodType.swift in Sources */ = {isa = PBXBuildFile; fileRef = FF9F904329C5F91700386B19 /* FoodType.swift */; };
		FF9F904629C601FE00386B19 /* FoodView.swift in Sources */ = {isa = PBXBuildFile; fileRef = FF9F904529C601FE00386B19 /* FoodView.swift */; };
		FFAA49A729EE73F800B2561D /* RestaurantDetailDataService.swift in Sources */ = {isa = PBXBuildFile; fileRef = FFAA49A629EE73F800B2561D /* RestaurantDetailDataService.swift */; };
		FFAA49A929EE8CBA00B2561D /* JSONDecoder.swift in Sources */ = {isa = PBXBuildFile; fileRef = FFAA49A829EE8CBA00B2561D /* JSONDecoder.swift */; };
		FFAA49AB29EE900900B2561D /* CommentViewModel.swift in Sources */ = {isa = PBXBuildFile; fileRef = FFAA49AA29EE900900B2561D /* CommentViewModel.swift */; };
		FFAA49B029EEAA2E00B2561D /* FoodDataService.swift in Sources */ = {isa = PBXBuildFile; fileRef = FFAA49AF29EEAA2E00B2561D /* FoodDataService.swift */; };
		FFAA49B629EF128100B2561D /* BookDataService.swift in Sources */ = {isa = PBXBuildFile; fileRef = FFAA49B529EF128100B2561D /* BookDataService.swift */; };
		FFAFDF9C29A8A63C002A000B /* FilterView.swift in Sources */ = {isa = PBXBuildFile; fileRef = FFAFDF9B29A8A63C002A000B /* FilterView.swift */; };
		FFAFDF9F29A8A893002A000B /* FilterSectionHeaderView.swift in Sources */ = {isa = PBXBuildFile; fileRef = FFAFDF9E29A8A893002A000B /* FilterSectionHeaderView.swift */; };
		FFAFDFA329A8B09E002A000B /* FilterViewModel.swift in Sources */ = {isa = PBXBuildFile; fileRef = FFAFDFA229A8B09E002A000B /* FilterViewModel.swift */; };
		FFAFDFA529A8B120002A000B /* RestaurantFilter.swift in Sources */ = {isa = PBXBuildFile; fileRef = FFAFDFA429A8B120002A000B /* RestaurantFilter.swift */; };
		FFAFDFA729A8B39D002A000B /* FilterPriceRangeView.swift in Sources */ = {isa = PBXBuildFile; fileRef = FFAFDFA629A8B39D002A000B /* FilterPriceRangeView.swift */; };
		FFAFDFA929A8B634002A000B /* PriceSliderView.swift in Sources */ = {isa = PBXBuildFile; fileRef = FFAFDFA829A8B634002A000B /* PriceSliderView.swift */; };
		FFAFDFAB29A8C8BE002A000B /* StarRatingView.swift in Sources */ = {isa = PBXBuildFile; fileRef = FFAFDFAA29A8C8BE002A000B /* StarRatingView.swift */; };
		FFAFDFAD29A8CA40002A000B /* StarRatingCollectionView.swift in Sources */ = {isa = PBXBuildFile; fileRef = FFAFDFAC29A8CA40002A000B /* StarRatingCollectionView.swift */; };
		FFAFDFAF29A94D99002A000B /* BookingListView.swift in Sources */ = {isa = PBXBuildFile; fileRef = FFAFDFAE29A94D99002A000B /* BookingListView.swift */; };
		FFB22A8829DB1D9E00EDFEB0 /* RestaurantDataService.swift in Sources */ = {isa = PBXBuildFile; fileRef = FFB22A8729DB1D9E00EDFEB0 /* RestaurantDataService.swift */; };
		FFB2350529E14C830053FD59 /* SchemeView.swift in Sources */ = {isa = PBXBuildFile; fileRef = FFB2350429E14C830053FD59 /* SchemeView.swift */; };
		FFB2350829E14F7F0053FD59 /* SchemeViewModel.swift in Sources */ = {isa = PBXBuildFile; fileRef = FFB2350729E14F7F0053FD59 /* SchemeViewModel.swift */; };
		FFB2350C29E16FCE0053FD59 /* GroupView.swift in Sources */ = {isa = PBXBuildFile; fileRef = FFB2350B29E16FCE0053FD59 /* GroupView.swift */; };
		FFB2351629E19D810053FD59 /* SchemeMapView.swift in Sources */ = {isa = PBXBuildFile; fileRef = FFB2351529E19D810053FD59 /* SchemeMapView.swift */; };
		FFB2596B29ED3CD4005B679B /* Constants.swift in Sources */ = {isa = PBXBuildFile; fileRef = FFB2596A29ED3CD4005B679B /* Constants.swift */; };
		FFB2596E29ED464B005B679B /* ImageService.swift in Sources */ = {isa = PBXBuildFile; fileRef = FFB2596D29ED464B005B679B /* ImageService.swift */; };
		FFB2597029ED4CE2005B679B /* NetworkingManager.swift in Sources */ = {isa = PBXBuildFile; fileRef = FFB2596F29ED4CE2005B679B /* NetworkingManager.swift */; };
		FFB2597429ED6030005B679B /* PageInfo.swift in Sources */ = {isa = PBXBuildFile; fileRef = FFB2597329ED6030005B679B /* PageInfo.swift */; };
		FFB2597629ED7ACE005B679B /* NetworkingError.swift in Sources */ = {isa = PBXBuildFile; fileRef = FFB2597529ED7ACE005B679B /* NetworkingError.swift */; };
		FFB2597829EDB01A005B679B /* RestaurantListViewModel.swift in Sources */ = {isa = PBXBuildFile; fileRef = FFB2597729EDB01A005B679B /* RestaurantListViewModel.swift */; };
		FFB6C43B29F157EE005F2346 /* ConfirmLoadingView.swift in Sources */ = {isa = PBXBuildFile; fileRef = FFB6C43A29F157EE005F2346 /* ConfirmLoadingView.swift */; };
		FFB6C43D29F16165005F2346 /* NavigationUtil.swift in Sources */ = {isa = PBXBuildFile; fileRef = FFB6C43C29F16165005F2346 /* NavigationUtil.swift */; };
		FFB6C44029F17AA5005F2346 /* ReservedRestaurantDataService.swift in Sources */ = {isa = PBXBuildFile; fileRef = FFB6C43F29F17AA5005F2346 /* ReservedRestaurantDataService.swift */; };
		FFBB2FF0299F84DC0061771C /* ImagePicker.swift in Sources */ = {isa = PBXBuildFile; fileRef = FFBB2FEF299F84DC0061771C /* ImagePicker.swift */; };
		FFBB2FF5299F97540061771C /* ImageTaker.swift in Sources */ = {isa = PBXBuildFile; fileRef = FFBB2FF4299F97540061771C /* ImageTaker.swift */; };
		FFBB2FF8299FA2D60061771C /* AlertBuilder.swift in Sources */ = {isa = PBXBuildFile; fileRef = FFBB2FF7299FA2D60061771C /* AlertBuilder.swift */; };
		FFBB2FFA299FA92E0061771C /* Notification.swift in Sources */ = {isa = PBXBuildFile; fileRef = FFBB2FF9299FA92E0061771C /* Notification.swift */; };
		FFBB2FFD299FB0B80061771C /* ResetTypeView.swift in Sources */ = {isa = PBXBuildFile; fileRef = FFBB2FFC299FB0B80061771C /* ResetTypeView.swift */; };
		FFBB3001299FF10C0061771C /* CodeVerificationView.swift in Sources */ = {isa = PBXBuildFile; fileRef = FFBB3000299FF10C0061771C /* CodeVerificationView.swift */; };
		FFDF071229B3972F00AB0173 /* BookingStatus.swift in Sources */ = {isa = PBXBuildFile; fileRef = FFDF071129B3972F00AB0173 /* BookingStatus.swift */; };
		FFDF071529B3B4F400AB0173 /* BookingViewModel.swift in Sources */ = {isa = PBXBuildFile; fileRef = FFDF071429B3B4F400AB0173 /* BookingViewModel.swift */; };
		FFDF071729B3C1D100AB0173 /* CancelBookingView.swift in Sources */ = {isa = PBXBuildFile; fileRef = FFDF071629B3C1D100AB0173 /* CancelBookingView.swift */; };
		FFEE49DB29BDA7FD003E8466 /* RestaurantBookingView.swift in Sources */ = {isa = PBXBuildFile; fileRef = FFEE49DA29BDA7FD003E8466 /* RestaurantBookingView.swift */; };
		FFEE49DD29BDA96A003E8466 /* Book.swift in Sources */ = {isa = PBXBuildFile; fileRef = FFEE49DC29BDA96A003E8466 /* Book.swift */; };
		FFEE49DF29BDA9B9003E8466 /* BookViewModel.swift in Sources */ = {isa = PBXBuildFile; fileRef = FFEE49DE29BDA9B9003E8466 /* BookViewModel.swift */; };
		FFF823B929B4A9170092BB73 /* MapViewModel.swift in Sources */ = {isa = PBXBuildFile; fileRef = FFF823B829B4A9170092BB73 /* MapViewModel.swift */; };
		FFF823BB29B4B2930092BB73 /* MapListView.swift in Sources */ = {isa = PBXBuildFile; fileRef = FFF823BA29B4B2930092BB73 /* MapListView.swift */; };
		FFF823BD29B4B8510092BB73 /* RestaurantLocationPreview.swift in Sources */ = {isa = PBXBuildFile; fileRef = FFF823BC29B4B8510092BB73 /* RestaurantLocationPreview.swift */; };
		FFFC84FF29A64B4200C1130D /* RestaurantCardView.swift in Sources */ = {isa = PBXBuildFile; fileRef = FFFC84FE29A64B4200C1130D /* RestaurantCardView.swift */; };
		FFFC850329A6B0B300C1130D /* RestaurantPromotionsView.swift in Sources */ = {isa = PBXBuildFile; fileRef = FFFC850229A6B0B300C1130D /* RestaurantPromotionsView.swift */; };
/* End PBXBuildFile section */

/* Begin PBXFileReference section */
		FF0E2A0A299D47FA0011BF01 /* String.swift */ = {isa = PBXFileReference; lastKnownFileType = sourcecode.swift; path = String.swift; sourceTree = "<group>"; };
		FF1A339229A76AB500BA9732 /* SecondaryButton.swift */ = {isa = PBXFileReference; lastKnownFileType = sourcecode.swift; path = SecondaryButton.swift; sourceTree = "<group>"; };
		FF1E1A3E29B0FAB000449C89 /* TabBarView.swift */ = {isa = PBXFileReference; lastKnownFileType = sourcecode.swift; path = TabBarView.swift; sourceTree = "<group>"; };
		FF1E1A4029B0FACD00449C89 /* TabBarItem.swift */ = {isa = PBXFileReference; lastKnownFileType = sourcecode.swift; path = TabBarItem.swift; sourceTree = "<group>"; };
		FF1E1A4229B0FBBE00449C89 /* BookingCardView.swift */ = {isa = PBXFileReference; lastKnownFileType = sourcecode.swift; path = BookingCardView.swift; sourceTree = "<group>"; };
		FF1E49A729A3EA03004B6FE1 /* RestaurantBannerView.swift */ = {isa = PBXFileReference; lastKnownFileType = sourcecode.swift; path = RestaurantBannerView.swift; sourceTree = "<group>"; };
		FF1E49A929A3EB2F004B6FE1 /* Double.swift */ = {isa = PBXFileReference; lastKnownFileType = sourcecode.swift; path = Double.swift; sourceTree = "<group>"; };
		FF2CAB4E29A368A600E062E1 /* MainView.swift */ = {isa = PBXFileReference; lastKnownFileType = sourcecode.swift; path = MainView.swift; sourceTree = "<group>"; };
		FF2CAB5429A3743600E062E1 /* MapView.swift */ = {isa = PBXFileReference; lastKnownFileType = sourcecode.swift; path = MapView.swift; sourceTree = "<group>"; };
		FF2CAB5729A3744500E062E1 /* BookingView.swift */ = {isa = PBXFileReference; lastKnownFileType = sourcecode.swift; path = BookingView.swift; sourceTree = "<group>"; };
		FF2CAB5A29A3745300E062E1 /* EditProfileView.swift */ = {isa = PBXFileReference; lastKnownFileType = sourcecode.swift; path = EditProfileView.swift; sourceTree = "<group>"; };
		FF2CAB5D29A37BE300E062E1 /* SearchFieldView.swift */ = {isa = PBXFileReference; lastKnownFileType = sourcecode.swift; path = SearchFieldView.swift; sourceTree = "<group>"; };
		FF2CAB6029A3820100E062E1 /* Category.swift */ = {isa = PBXFileReference; lastKnownFileType = sourcecode.swift; path = Category.swift; sourceTree = "<group>"; };
		FF2CAB6229A382B400E062E1 /* HomeViewModel.swift */ = {isa = PBXFileReference; lastKnownFileType = sourcecode.swift; path = HomeViewModel.swift; sourceTree = "<group>"; };
		FF2CAB6429A3886A00E062E1 /* CategoryCollectionView.swift */ = {isa = PBXFileReference; lastKnownFileType = sourcecode.swift; path = CategoryCollectionView.swift; sourceTree = "<group>"; };
		FF2CAB6629A38AAA00E062E1 /* PreviewProvider.swift */ = {isa = PBXFileReference; lastKnownFileType = sourcecode.swift; path = PreviewProvider.swift; sourceTree = "<group>"; };
		FF2CAB6829A38EA400E062E1 /* Restaurant.swift */ = {isa = PBXFileReference; lastKnownFileType = sourcecode.swift; path = Restaurant.swift; sourceTree = "<group>"; };
		FF2CAB6A29A3CDC500E062E1 /* UIApplication.swift */ = {isa = PBXFileReference; lastKnownFileType = sourcecode.swift; path = UIApplication.swift; sourceTree = "<group>"; };
		FF41F1E3299C939B003B1745 /* RestaurantBooking.app */ = {isa = PBXFileReference; explicitFileType = wrapper.application; includeInIndex = 0; path = RestaurantBooking.app; sourceTree = BUILT_PRODUCTS_DIR; };
		FF41F1E6299C939B003B1745 /* RestaurantBookingApp.swift */ = {isa = PBXFileReference; lastKnownFileType = sourcecode.swift; path = RestaurantBookingApp.swift; sourceTree = "<group>"; };
		FF41F1E8299C939B003B1745 /* ContentView.swift */ = {isa = PBXFileReference; lastKnownFileType = sourcecode.swift; path = ContentView.swift; sourceTree = "<group>"; };
		FF41F1EA299C939E003B1745 /* Assets.xcassets */ = {isa = PBXFileReference; lastKnownFileType = folder.assetcatalog; path = Assets.xcassets; sourceTree = "<group>"; };
		FF41F1ED299C939E003B1745 /* Preview Assets.xcassets */ = {isa = PBXFileReference; lastKnownFileType = folder.assetcatalog; path = "Preview Assets.xcassets"; sourceTree = "<group>"; };
		FF41F1F6299C979C003B1745 /* Color.swift */ = {isa = PBXFileReference; lastKnownFileType = sourcecode.swift; path = Color.swift; sourceTree = "<group>"; };
		FF41F1FB299C98E0003B1745 /* SignInView.swift */ = {isa = PBXFileReference; lastKnownFileType = sourcecode.swift; path = SignInView.swift; sourceTree = "<group>"; };
		FF41F1FE299C9D41003B1745 /* DividerWithText.swift */ = {isa = PBXFileReference; lastKnownFileType = sourcecode.swift; path = DividerWithText.swift; sourceTree = "<group>"; };
		FF41F202299C9E92003B1745 /* PrimaryButton.swift */ = {isa = PBXFileReference; lastKnownFileType = sourcecode.swift; path = PrimaryButton.swift; sourceTree = "<group>"; };
		FF41F204299CA209003B1745 /* RegistrationBottomHelperButton.swift */ = {isa = PBXFileReference; lastKnownFileType = sourcecode.swift; path = RegistrationBottomHelperButton.swift; sourceTree = "<group>"; };
		FF41F208299CA44A003B1745 /* LoginView.swift */ = {isa = PBXFileReference; lastKnownFileType = sourcecode.swift; path = LoginView.swift; sourceTree = "<group>"; };
		FF41F20A299CAA99003B1745 /* EmailField.swift */ = {isa = PBXFileReference; lastKnownFileType = sourcecode.swift; path = EmailField.swift; sourceTree = "<group>"; };
		FF41F20C299CACDA003B1745 /* PasswordField.swift */ = {isa = PBXFileReference; lastKnownFileType = sourcecode.swift; path = PasswordField.swift; sourceTree = "<group>"; };
		FF41F20F299CAF6B003B1745 /* EmailPasswordModifier.swift */ = {isa = PBXFileReference; lastKnownFileType = sourcecode.swift; path = EmailPasswordModifier.swift; sourceTree = "<group>"; };
		FF41F215299CB046003B1745 /* View.swift */ = {isa = PBXFileReference; lastKnownFileType = sourcecode.swift; path = View.swift; sourceTree = "<group>"; };
		FF41F217299CB256003B1745 /* RemembeMeToggle.swift */ = {isa = PBXFileReference; lastKnownFileType = sourcecode.swift; path = RemembeMeToggle.swift; sourceTree = "<group>"; };
		FF41F21B299CBAB5003B1745 /* SignUpView.swift */ = {isa = PBXFileReference; lastKnownFileType = sourcecode.swift; path = SignUpView.swift; sourceTree = "<group>"; };
		FF41F21D299CBD8E003B1745 /* PasswordConfirmField.swift */ = {isa = PBXFileReference; lastKnownFileType = sourcecode.swift; path = PasswordConfirmField.swift; sourceTree = "<group>"; };
		FF41F21F299CBF2C003B1745 /* SignInWithView.swift */ = {isa = PBXFileReference; lastKnownFileType = sourcecode.swift; path = SignInWithView.swift; sourceTree = "<group>"; };
		FF41F226299CC3E1003B1745 /* ProfileSetupView.swift */ = {isa = PBXFileReference; lastKnownFileType = sourcecode.swift; path = ProfileSetupView.swift; sourceTree = "<group>"; };
		FF41F228299CC566003B1745 /* ProfileImageView.swift */ = {isa = PBXFileReference; lastKnownFileType = sourcecode.swift; path = ProfileImageView.swift; sourceTree = "<group>"; };
		FF41F22A299CC721003B1745 /* ProfileImageViewModifier.swift */ = {isa = PBXFileReference; lastKnownFileType = sourcecode.swift; path = ProfileImageViewModifier.swift; sourceTree = "<group>"; };
		FF43291B29A21DD900AEA0EA /* KeychainService.swift */ = {isa = PBXFileReference; lastKnownFileType = sourcecode.swift; path = KeychainService.swift; sourceTree = "<group>"; };
		FF43291E29A2289F00AEA0EA /* HomeView.swift */ = {isa = PBXFileReference; lastKnownFileType = sourcecode.swift; path = HomeView.swift; sourceTree = "<group>"; };
		FF43292129A2539000AEA0EA /* RestaurantBooking.entitlements */ = {isa = PBXFileReference; lastKnownFileType = text.plist.entitlements; path = RestaurantBooking.entitlements; sourceTree = "<group>"; };
		FF470E6829A0DE1E00314934 /* NewPasswordView.swift */ = {isa = PBXFileReference; lastKnownFileType = sourcecode.swift; path = NewPasswordView.swift; sourceTree = "<group>"; };
		FF470E6B29A129D400314934 /* Credentials.swift */ = {isa = PBXFileReference; lastKnownFileType = sourcecode.swift; path = Credentials.swift; sourceTree = "<group>"; };
		FF470E6E29A12A1600314934 /* LoginViewModel.swift */ = {isa = PBXFileReference; lastKnownFileType = sourcecode.swift; path = LoginViewModel.swift; sourceTree = "<group>"; };
		FF470E7129A12FCA00314934 /* AuthService.swift */ = {isa = PBXFileReference; lastKnownFileType = sourcecode.swift; path = AuthService.swift; sourceTree = "<group>"; };
		FF470E7729A13D7600314934 /* ProcessingView.swift */ = {isa = PBXFileReference; lastKnownFileType = sourcecode.swift; path = ProcessingView.swift; sourceTree = "<group>"; };
		FF470E7929A1457B00314934 /* Authentication.swift */ = {isa = PBXFileReference; lastKnownFileType = sourcecode.swift; path = Authentication.swift; sourceTree = "<group>"; };
		FF518F5529CB92CA00A285CD /* OrderView.swift */ = {isa = PBXFileReference; lastKnownFileType = sourcecode.swift; path = OrderView.swift; sourceTree = "<group>"; };
		FF5391BB29BCAB61004AF07D /* CommentBoxView.swift */ = {isa = PBXFileReference; lastKnownFileType = sourcecode.swift; path = CommentBoxView.swift; sourceTree = "<group>"; };
		FF5391BD29BCAB7F004AF07D /* Comment.swift */ = {isa = PBXFileReference; lastKnownFileType = sourcecode.swift; path = Comment.swift; sourceTree = "<group>"; };
		FF5391BF29BCAC06004AF07D /* User.swift */ = {isa = PBXFileReference; lastKnownFileType = sourcecode.swift; path = User.swift; sourceTree = "<group>"; };
		FF5391C129BCB72A004AF07D /* CommentView.swift */ = {isa = PBXFileReference; lastKnownFileType = sourcecode.swift; path = CommentView.swift; sourceTree = "<group>"; };
		FF53992B29C8D2E800CA0F89 /* FoodViewModel.swift */ = {isa = PBXFileReference; lastKnownFileType = sourcecode.swift; path = FoodViewModel.swift; sourceTree = "<group>"; };
		FF59750629D75425009E15D0 /* Point.swift */ = {isa = PBXFileReference; lastKnownFileType = sourcecode.swift; path = Point.swift; sourceTree = "<group>"; };
		FF59750829D76C1E009E15D0 /* AddPaymentMethodView.swift */ = {isa = PBXFileReference; lastKnownFileType = sourcecode.swift; path = AddPaymentMethodView.swift; sourceTree = "<group>"; };
		FF68D23C29D81F920064ECF9 /* AddPaymentViewModel.swift */ = {isa = PBXFileReference; lastKnownFileType = sourcecode.swift; path = AddPaymentViewModel.swift; sourceTree = "<group>"; };
		FF68D23E29D83F760064ECF9 /* ReserveInfoView.swift */ = {isa = PBXFileReference; lastKnownFileType = sourcecode.swift; path = ReserveInfoView.swift; sourceTree = "<group>"; };
		FF68D24029D83FF00064ECF9 /* ReservedRestaurant.swift */ = {isa = PBXFileReference; lastKnownFileType = sourcecode.swift; path = ReservedRestaurant.swift; sourceTree = "<group>"; };
		FF68D24229D8412E0064ECF9 /* ReservedRestaurantDetail.swift */ = {isa = PBXFileReference; lastKnownFileType = sourcecode.swift; path = ReservedRestaurantDetail.swift; sourceTree = "<group>"; };
		FF68D24529D8A16D0064ECF9 /* EditProfileViewModel.swift */ = {isa = PBXFileReference; lastKnownFileType = sourcecode.swift; path = EditProfileViewModel.swift; sourceTree = "<group>"; };
		FF68D24729D8A45A0064ECF9 /* ProfileView.swift */ = {isa = PBXFileReference; lastKnownFileType = sourcecode.swift; path = ProfileView.swift; sourceTree = "<group>"; };
		FF68D24929D8A4AB0064ECF9 /* ProfileViewModel.swift */ = {isa = PBXFileReference; lastKnownFileType = sourcecode.swift; path = ProfileViewModel.swift; sourceTree = "<group>"; };
		FF68D25229D8AEE10064ECF9 /* SecurityView.swift */ = {isa = PBXFileReference; lastKnownFileType = sourcecode.swift; path = SecurityView.swift; sourceTree = "<group>"; };
		FF68D25429D8AF4E0064ECF9 /* SecurityViewModel.swift */ = {isa = PBXFileReference; lastKnownFileType = sourcecode.swift; path = SecurityViewModel.swift; sourceTree = "<group>"; };
		FF68D25729D8B0100064ECF9 /* Biometrics.swift */ = {isa = PBXFileReference; lastKnownFileType = sourcecode.swift; path = Biometrics.swift; sourceTree = "<group>"; };
		FF68D25C29D8B3900064ECF9 /* PaymentView.swift */ = {isa = PBXFileReference; lastKnownFileType = sourcecode.swift; path = PaymentView.swift; sourceTree = "<group>"; };
		FF68D25E29D8B3B30064ECF9 /* PaymentViewModel.swift */ = {isa = PBXFileReference; lastKnownFileType = sourcecode.swift; path = PaymentViewModel.swift; sourceTree = "<group>"; };
		FF68D26029D8B3F50064ECF9 /* PaymentCard.swift */ = {isa = PBXFileReference; lastKnownFileType = sourcecode.swift; path = PaymentCard.swift; sourceTree = "<group>"; };
		FF6E671429CEFA3A00B3FE7D /* OrderViewModel.swift */ = {isa = PBXFileReference; lastKnownFileType = sourcecode.swift; path = OrderViewModel.swift; sourceTree = "<group>"; };
		FF6E671629CF014E00B3FE7D /* BookingRestaurant.swift */ = {isa = PBXFileReference; lastKnownFileType = sourcecode.swift; path = BookingRestaurant.swift; sourceTree = "<group>"; };
		FF6E671929CF12E200B3FE7D /* BookingService.swift */ = {isa = PBXFileReference; lastKnownFileType = sourcecode.swift; path = BookingService.swift; sourceTree = "<group>"; };
		FF6E671B29CF289000B3FE7D /* Date.swift */ = {isa = PBXFileReference; lastKnownFileType = sourcecode.swift; path = Date.swift; sourceTree = "<group>"; };
		FF737E7F29D3471700E5F602 /* ConfirmationDialogModifier.swift */ = {isa = PBXFileReference; lastKnownFileType = sourcecode.swift; path = ConfirmationDialogModifier.swift; sourceTree = "<group>"; };
		FF7F6C1129EFEC0D00649819 /* SchemeDataService.swift */ = {isa = PBXFileReference; lastKnownFileType = sourcecode.swift; path = SchemeDataService.swift; sourceTree = "<group>"; };
		FF83D1E129D9723100081B94 /* LogoutView.swift */ = {isa = PBXFileReference; lastKnownFileType = sourcecode.swift; path = LogoutView.swift; sourceTree = "<group>"; };
		FF83D1E429D9777300081B94 /* RateRestaurantView.swift */ = {isa = PBXFileReference; lastKnownFileType = sourcecode.swift; path = RateRestaurantView.swift; sourceTree = "<group>"; };
		FF83D1E629D98C3900081B94 /* SignUpViewModel.swift */ = {isa = PBXFileReference; lastKnownFileType = sourcecode.swift; path = SignUpViewModel.swift; sourceTree = "<group>"; };
		FF83D1E929D99D5900081B94 /* KeychainManager.swift */ = {isa = PBXFileReference; lastKnownFileType = sourcecode.swift; path = KeychainManager.swift; sourceTree = "<group>"; };
		FF841F1D29CA37DA00CA7593 /* OrderedFood.swift */ = {isa = PBXFileReference; lastKnownFileType = sourcecode.swift; path = OrderedFood.swift; sourceTree = "<group>"; };
		FF874ED129D1EA2900C42306 /* UIFont.swift */ = {isa = PBXFileReference; lastKnownFileType = sourcecode.swift; path = UIFont.swift; sourceTree = "<group>"; };
		FF8BA8B629B864DB00D71861 /* DetailView.swift */ = {isa = PBXFileReference; lastKnownFileType = sourcecode.swift; path = DetailView.swift; sourceTree = "<group>"; };
		FF8BA8B829B8816E00D71861 /* RestaurantRatingStarView.swift */ = {isa = PBXFileReference; lastKnownFileType = sourcecode.swift; path = RestaurantRatingStarView.swift; sourceTree = "<group>"; };
		FF8BA8BA29B8AD9500D71861 /* DetailMapView.swift */ = {isa = PBXFileReference; lastKnownFileType = sourcecode.swift; path = DetailMapView.swift; sourceTree = "<group>"; };
		FF8BA8BC29B8B60400D71861 /* RestaurantDetailViewModel.swift */ = {isa = PBXFileReference; lastKnownFileType = sourcecode.swift; path = RestaurantDetailViewModel.swift; sourceTree = "<group>"; };
		FF90C25429EC188C005FAF4C /* TableInfoView.swift */ = {isa = PBXFileReference; lastKnownFileType = sourcecode.swift; path = TableInfoView.swift; sourceTree = "<group>"; };
		FF90C25629EC1A55005FAF4C /* TableInfo.swift */ = {isa = PBXFileReference; lastKnownFileType = sourcecode.swift; path = TableInfo.swift; sourceTree = "<group>"; };
		FF92B92B29B63D71004981D6 /* RestaurantMapAnnotationView.swift */ = {isa = PBXFileReference; lastKnownFileType = sourcecode.swift; path = RestaurantMapAnnotationView.swift; sourceTree = "<group>"; };
		FF936D4729CAF46D00302F3E /* FoodCardViewModel.swift */ = {isa = PBXFileReference; lastKnownFileType = sourcecode.swift; path = FoodCardViewModel.swift; sourceTree = "<group>"; };
		FF936D4B29CB210600302F3E /* FoodDetailView.swift */ = {isa = PBXFileReference; lastKnownFileType = sourcecode.swift; path = FoodDetailView.swift; sourceTree = "<group>"; };
		FF94C75929D5CAC400BF3072 /* BookedRestaurant.swift */ = {isa = PBXFileReference; lastKnownFileType = sourcecode.swift; path = BookedRestaurant.swift; sourceTree = "<group>"; };
		FF95225E29A53781000E0F57 /* Carousel.swift */ = {isa = PBXFileReference; lastKnownFileType = sourcecode.swift; path = Carousel.swift; sourceTree = "<group>"; };
		FF95EEAB29A7EFFE001D38DE /* RestaurantListView.swift */ = {isa = PBXFileReference; lastKnownFileType = sourcecode.swift; path = RestaurantListView.swift; sourceTree = "<group>"; };
		FF9F903C29C5ED4E00386B19 /* Food.swift */ = {isa = PBXFileReference; lastKnownFileType = sourcecode.swift; path = Food.swift; sourceTree = "<group>"; };
		FF9F904129C5F68B00386B19 /* FoodCardView.swift */ = {isa = PBXFileReference; lastKnownFileType = sourcecode.swift; path = FoodCardView.swift; sourceTree = "<group>"; };
		FF9F904329C5F91700386B19 /* FoodType.swift */ = {isa = PBXFileReference; lastKnownFileType = sourcecode.swift; path = FoodType.swift; sourceTree = "<group>"; };
		FF9F904529C601FE00386B19 /* FoodView.swift */ = {isa = PBXFileReference; lastKnownFileType = sourcecode.swift; path = FoodView.swift; sourceTree = "<group>"; };
		FFAA49A629EE73F800B2561D /* RestaurantDetailDataService.swift */ = {isa = PBXFileReference; lastKnownFileType = sourcecode.swift; path = RestaurantDetailDataService.swift; sourceTree = "<group>"; };
		FFAA49A829EE8CBA00B2561D /* JSONDecoder.swift */ = {isa = PBXFileReference; lastKnownFileType = sourcecode.swift; path = JSONDecoder.swift; sourceTree = "<group>"; };
		FFAA49AA29EE900900B2561D /* CommentViewModel.swift */ = {isa = PBXFileReference; lastKnownFileType = sourcecode.swift; path = CommentViewModel.swift; sourceTree = "<group>"; };
		FFAA49AF29EEAA2E00B2561D /* FoodDataService.swift */ = {isa = PBXFileReference; lastKnownFileType = sourcecode.swift; path = FoodDataService.swift; sourceTree = "<group>"; };
		FFAA49B529EF128100B2561D /* BookDataService.swift */ = {isa = PBXFileReference; lastKnownFileType = sourcecode.swift; path = BookDataService.swift; sourceTree = "<group>"; };
		FFAFDF9B29A8A63C002A000B /* FilterView.swift */ = {isa = PBXFileReference; lastKnownFileType = sourcecode.swift; path = FilterView.swift; sourceTree = "<group>"; };
		FFAFDF9E29A8A893002A000B /* FilterSectionHeaderView.swift */ = {isa = PBXFileReference; lastKnownFileType = sourcecode.swift; path = FilterSectionHeaderView.swift; sourceTree = "<group>"; };
		FFAFDFA229A8B09E002A000B /* FilterViewModel.swift */ = {isa = PBXFileReference; lastKnownFileType = sourcecode.swift; path = FilterViewModel.swift; sourceTree = "<group>"; };
		FFAFDFA429A8B120002A000B /* RestaurantFilter.swift */ = {isa = PBXFileReference; lastKnownFileType = sourcecode.swift; path = RestaurantFilter.swift; sourceTree = "<group>"; };
		FFAFDFA629A8B39D002A000B /* FilterPriceRangeView.swift */ = {isa = PBXFileReference; lastKnownFileType = sourcecode.swift; path = FilterPriceRangeView.swift; sourceTree = "<group>"; };
		FFAFDFA829A8B634002A000B /* PriceSliderView.swift */ = {isa = PBXFileReference; lastKnownFileType = sourcecode.swift; path = PriceSliderView.swift; sourceTree = "<group>"; };
		FFAFDFAA29A8C8BE002A000B /* StarRatingView.swift */ = {isa = PBXFileReference; lastKnownFileType = sourcecode.swift; path = StarRatingView.swift; sourceTree = "<group>"; };
		FFAFDFAC29A8CA40002A000B /* StarRatingCollectionView.swift */ = {isa = PBXFileReference; lastKnownFileType = sourcecode.swift; path = StarRatingCollectionView.swift; sourceTree = "<group>"; };
		FFAFDFAE29A94D99002A000B /* BookingListView.swift */ = {isa = PBXFileReference; lastKnownFileType = sourcecode.swift; path = BookingListView.swift; sourceTree = "<group>"; };
		FFB22A8729DB1D9E00EDFEB0 /* RestaurantDataService.swift */ = {isa = PBXFileReference; lastKnownFileType = sourcecode.swift; path = RestaurantDataService.swift; sourceTree = "<group>"; };
		FFB2350429E14C830053FD59 /* SchemeView.swift */ = {isa = PBXFileReference; lastKnownFileType = sourcecode.swift; path = SchemeView.swift; sourceTree = "<group>"; };
		FFB2350729E14F7F0053FD59 /* SchemeViewModel.swift */ = {isa = PBXFileReference; lastKnownFileType = sourcecode.swift; path = SchemeViewModel.swift; sourceTree = "<group>"; };
		FFB2350B29E16FCE0053FD59 /* GroupView.swift */ = {isa = PBXFileReference; lastKnownFileType = sourcecode.swift; path = GroupView.swift; sourceTree = "<group>"; };
		FFB2351529E19D810053FD59 /* SchemeMapView.swift */ = {isa = PBXFileReference; lastKnownFileType = sourcecode.swift; path = SchemeMapView.swift; sourceTree = "<group>"; };
		FFB2596A29ED3CD4005B679B /* Constants.swift */ = {isa = PBXFileReference; lastKnownFileType = sourcecode.swift; path = Constants.swift; sourceTree = "<group>"; };
		FFB2596D29ED464B005B679B /* ImageService.swift */ = {isa = PBXFileReference; lastKnownFileType = sourcecode.swift; path = ImageService.swift; sourceTree = "<group>"; };
		FFB2596F29ED4CE2005B679B /* NetworkingManager.swift */ = {isa = PBXFileReference; lastKnownFileType = sourcecode.swift; path = NetworkingManager.swift; sourceTree = "<group>"; };
		FFB2597329ED6030005B679B /* PageInfo.swift */ = {isa = PBXFileReference; lastKnownFileType = sourcecode.swift; path = PageInfo.swift; sourceTree = "<group>"; };
		FFB2597529ED7ACE005B679B /* NetworkingError.swift */ = {isa = PBXFileReference; lastKnownFileType = sourcecode.swift; path = NetworkingError.swift; sourceTree = "<group>"; };
		FFB2597729EDB01A005B679B /* RestaurantListViewModel.swift */ = {isa = PBXFileReference; lastKnownFileType = sourcecode.swift; path = RestaurantListViewModel.swift; sourceTree = "<group>"; };
		FFB6C43A29F157EE005F2346 /* ConfirmLoadingView.swift */ = {isa = PBXFileReference; lastKnownFileType = sourcecode.swift; path = ConfirmLoadingView.swift; sourceTree = "<group>"; };
		FFB6C43C29F16165005F2346 /* NavigationUtil.swift */ = {isa = PBXFileReference; lastKnownFileType = sourcecode.swift; path = NavigationUtil.swift; sourceTree = "<group>"; };
		FFB6C43F29F17AA5005F2346 /* ReservedRestaurantDataService.swift */ = {isa = PBXFileReference; lastKnownFileType = sourcecode.swift; path = ReservedRestaurantDataService.swift; sourceTree = "<group>"; };
		FFBB2FEF299F84DC0061771C /* ImagePicker.swift */ = {isa = PBXFileReference; lastKnownFileType = sourcecode.swift; path = ImagePicker.swift; sourceTree = "<group>"; };
		FFBB2FF4299F97540061771C /* ImageTaker.swift */ = {isa = PBXFileReference; lastKnownFileType = sourcecode.swift; path = ImageTaker.swift; sourceTree = "<group>"; };
		FFBB2FF7299FA2D60061771C /* AlertBuilder.swift */ = {isa = PBXFileReference; lastKnownFileType = sourcecode.swift; path = AlertBuilder.swift; sourceTree = "<group>"; };
		FFBB2FF9299FA92E0061771C /* Notification.swift */ = {isa = PBXFileReference; lastKnownFileType = sourcecode.swift; path = Notification.swift; sourceTree = "<group>"; };
		FFBB2FFC299FB0B80061771C /* ResetTypeView.swift */ = {isa = PBXFileReference; lastKnownFileType = sourcecode.swift; path = ResetTypeView.swift; sourceTree = "<group>"; };
		FFBB3000299FF10C0061771C /* CodeVerificationView.swift */ = {isa = PBXFileReference; lastKnownFileType = sourcecode.swift; path = CodeVerificationView.swift; sourceTree = "<group>"; };
		FFDF071129B3972F00AB0173 /* BookingStatus.swift */ = {isa = PBXFileReference; lastKnownFileType = sourcecode.swift; path = BookingStatus.swift; sourceTree = "<group>"; };
		FFDF071429B3B4F400AB0173 /* BookingViewModel.swift */ = {isa = PBXFileReference; lastKnownFileType = sourcecode.swift; path = BookingViewModel.swift; sourceTree = "<group>"; };
		FFDF071629B3C1D100AB0173 /* CancelBookingView.swift */ = {isa = PBXFileReference; lastKnownFileType = sourcecode.swift; path = CancelBookingView.swift; sourceTree = "<group>"; };
		FFEE49DA29BDA7FD003E8466 /* RestaurantBookingView.swift */ = {isa = PBXFileReference; lastKnownFileType = sourcecode.swift; path = RestaurantBookingView.swift; sourceTree = "<group>"; };
		FFEE49DC29BDA96A003E8466 /* Book.swift */ = {isa = PBXFileReference; lastKnownFileType = sourcecode.swift; path = Book.swift; sourceTree = "<group>"; };
		FFEE49DE29BDA9B9003E8466 /* BookViewModel.swift */ = {isa = PBXFileReference; lastKnownFileType = sourcecode.swift; path = BookViewModel.swift; sourceTree = "<group>"; };
		FFF823B829B4A9170092BB73 /* MapViewModel.swift */ = {isa = PBXFileReference; lastKnownFileType = sourcecode.swift; path = MapViewModel.swift; sourceTree = "<group>"; };
		FFF823BA29B4B2930092BB73 /* MapListView.swift */ = {isa = PBXFileReference; lastKnownFileType = sourcecode.swift; path = MapListView.swift; sourceTree = "<group>"; };
		FFF823BC29B4B8510092BB73 /* RestaurantLocationPreview.swift */ = {isa = PBXFileReference; lastKnownFileType = sourcecode.swift; path = RestaurantLocationPreview.swift; sourceTree = "<group>"; };
		FFFC84FE29A64B4200C1130D /* RestaurantCardView.swift */ = {isa = PBXFileReference; lastKnownFileType = sourcecode.swift; path = RestaurantCardView.swift; sourceTree = "<group>"; };
		FFFC850229A6B0B300C1130D /* RestaurantPromotionsView.swift */ = {isa = PBXFileReference; lastKnownFileType = sourcecode.swift; path = RestaurantPromotionsView.swift; sourceTree = "<group>"; };
/* End PBXFileReference section */

/* Begin PBXFrameworksBuildPhase section */
		FF41F1E0299C939B003B1745 /* Frameworks */ = {
			isa = PBXFrameworksBuildPhase;
			buildActionMask = 2147483647;
			files = (
			);
			runOnlyForDeploymentPostprocessing = 0;
		};
/* End PBXFrameworksBuildPhase section */

/* Begin PBXGroup section */
		FF1E1A3D29B0FA8200449C89 /* TabBarButtons */ = {
			isa = PBXGroup;
			children = (
				FF1E1A3E29B0FAB000449C89 /* TabBarView.swift */,
				FF1E1A4029B0FACD00449C89 /* TabBarItem.swift */,
			);
			path = TabBarButtons;
			sourceTree = "<group>";
		};
		FF2CAB4C29A3689000E062E1 /* Main */ = {
			isa = PBXGroup;
			children = (
				FF2CAB4D29A3689B00E062E1 /* View */,
			);
			path = Main;
			sourceTree = "<group>";
		};
		FF2CAB4D29A3689B00E062E1 /* View */ = {
			isa = PBXGroup;
			children = (
				FF2CAB4E29A368A600E062E1 /* MainView.swift */,
			);
			path = View;
			sourceTree = "<group>";
		};
		FF2CAB5029A3698600E062E1 /* Booking */ = {
			isa = PBXGroup;
			children = (
				FFDF071329B3B4DD00AB0173 /* ViewModel */,
				FF2CAB5629A3743A00E062E1 /* Views */,
			);
			path = Booking;
			sourceTree = "<group>";
		};
		FF2CAB5129A369A700E062E1 /* Profile */ = {
			isa = PBXGroup;
			children = (
				FF68D24B29D8AE8B0064ECF9 /* Main */,
				FF68D25929D8B3670064ECF9 /* Payment */,
				FF68D24F29D8AEC60064ECF9 /* Security */,
				FF68D24E29D8AEB00064ECF9 /* Edit */,
			);
			path = Profile;
			sourceTree = "<group>";
		};
		FF2CAB5229A369AF00E062E1 /* Map */ = {
			isa = PBXGroup;
			children = (
				FFF823B729B4A9080092BB73 /* ViewModel */,
				FF2CAB5329A3742300E062E1 /* View */,
			);
			path = Map;
			sourceTree = "<group>";
		};
		FF2CAB5329A3742300E062E1 /* View */ = {
			isa = PBXGroup;
			children = (
				FF2CAB5429A3743600E062E1 /* MapView.swift */,
				FFF823BA29B4B2930092BB73 /* MapListView.swift */,
				FFF823BC29B4B8510092BB73 /* RestaurantLocationPreview.swift */,
				FF92B92B29B63D71004981D6 /* RestaurantMapAnnotationView.swift */,
			);
			path = View;
			sourceTree = "<group>";
		};
		FF2CAB5629A3743A00E062E1 /* Views */ = {
			isa = PBXGroup;
			children = (
				FF1E1A3D29B0FA8200449C89 /* TabBarButtons */,
				FF2CAB5729A3744500E062E1 /* BookingView.swift */,
				FFAFDFAE29A94D99002A000B /* BookingListView.swift */,
				FF1E1A4229B0FBBE00449C89 /* BookingCardView.swift */,
				FF68D23E29D83F760064ECF9 /* ReserveInfoView.swift */,
			);
			path = Views;
			sourceTree = "<group>";
		};
		FF2CAB5929A3744900E062E1 /* View */ = {
			isa = PBXGroup;
			children = (
				FF2CAB5A29A3745300E062E1 /* EditProfileView.swift */,
			);
			path = View;
			sourceTree = "<group>";
		};
		FF2CAB5C29A37BD200E062E1 /* Search */ = {
			isa = PBXGroup;
			children = (
				FF2CAB5D29A37BE300E062E1 /* SearchFieldView.swift */,
				FF2CAB6429A3886A00E062E1 /* CategoryCollectionView.swift */,
				FFAFDFAC29A8CA40002A000B /* StarRatingCollectionView.swift */,
			);
			path = Search;
			sourceTree = "<group>";
		};
		FF2CAB5F29A381BC00E062E1 /* ViewModel */ = {
			isa = PBXGroup;
			children = (
				FF2CAB6229A382B400E062E1 /* HomeViewModel.swift */,
				FFB2597729EDB01A005B679B /* RestaurantListViewModel.swift */,
				FFAFDFA229A8B09E002A000B /* FilterViewModel.swift */,
			);
			path = ViewModel;
			sourceTree = "<group>";
		};
		FF41F1DA299C939B003B1745 = {
			isa = PBXGroup;
			children = (
				FF41F1E5299C939B003B1745 /* RestaurantBooking */,
				FF41F1E4299C939B003B1745 /* Products */,
			);
			sourceTree = "<group>";
		};
		FF41F1E4299C939B003B1745 /* Products */ = {
			isa = PBXGroup;
			children = (
				FF41F1E3299C939B003B1745 /* RestaurantBooking.app */,
			);
			name = Products;
			sourceTree = "<group>";
		};
		FF41F1E5299C939B003B1745 /* RestaurantBooking */ = {
			isa = PBXGroup;
			children = (
				FF41F1E8299C939B003B1745 /* ContentView.swift */,
				FF43292129A2539000AEA0EA /* RestaurantBooking.entitlements */,
				FF41F1E6299C939B003B1745 /* RestaurantBookingApp.swift */,
				FFB2596929ED3CC2005B679B /* Utilities */,
				FFBB2FED299F83FF0061771C /* Services */,
				FF470E6A29A129C200314934 /* Models */,
				FF41F1F4299C9780003B1745 /* Core */,
				FF41F1F5299C978C003B1745 /* Extensions */,
				FF41F1EA299C939E003B1745 /* Assets.xcassets */,
				FF41F1EC299C939E003B1745 /* Preview Content */,
			);
			path = RestaurantBooking;
			sourceTree = "<group>";
		};
		FF41F1EC299C939E003B1745 /* Preview Content */ = {
			isa = PBXGroup;
			children = (
				FF41F1ED299C939E003B1745 /* Preview Assets.xcassets */,
			);
			path = "Preview Content";
			sourceTree = "<group>";
		};
		FF41F1F4299C9780003B1745 /* Core */ = {
			isa = PBXGroup;
			children = (
				FFB2350229E14C460053FD59 /* RestaurantScheme */,
				FF94C75629D5CA5400BF3072 /* OrderView */,
				FF9F903E29C5F64D00386B19 /* FoodView */,
				FFEE49D729BDA7D0003E8466 /* RestaurantBooking */,
				FF8BA8B329B85EA500D71861 /* Detail */,
				FFBB2FF6299FA2C10061771C /* ViewBuilders */,
				FF41F20E299CAF47003B1745 /* Modifilers */,
				FF41F1FD299C9D32003B1745 /* Components */,
				FF41F1F8299C987A003B1745 /* Registration */,
				FF2CAB4C29A3689000E062E1 /* Main */,
				FF43291A29A210DE00AEA0EA /* Home */,
				FF2CAB5029A3698600E062E1 /* Booking */,
				FF2CAB5229A369AF00E062E1 /* Map */,
				FF2CAB5129A369A700E062E1 /* Profile */,
				FF68D23629D81F320064ECF9 /* SecondaryViews */,
			);
			path = Core;
			sourceTree = "<group>";
		};
		FF41F1F5299C978C003B1745 /* Extensions */ = {
			isa = PBXGroup;
			children = (
				FF41F1F6299C979C003B1745 /* Color.swift */,
				FF41F215299CB046003B1745 /* View.swift */,
				FF0E2A0A299D47FA0011BF01 /* String.swift */,
				FFBB2FF9299FA92E0061771C /* Notification.swift */,
				FF2CAB6629A38AAA00E062E1 /* PreviewProvider.swift */,
				FF2CAB6A29A3CDC500E062E1 /* UIApplication.swift */,
				FF1E49A929A3EB2F004B6FE1 /* Double.swift */,
				FF6E671B29CF289000B3FE7D /* Date.swift */,
				FF874ED129D1EA2900C42306 /* UIFont.swift */,
				FFAA49A829EE8CBA00B2561D /* JSONDecoder.swift */,
			);
			path = Extensions;
			sourceTree = "<group>";
		};
		FF41F1F8299C987A003B1745 /* Registration */ = {
			isa = PBXGroup;
			children = (
				FFBB2FFB299FB08B0061771C /* ForgotPassword */,
				FF41F224299CC3C2003B1745 /* AccountSetup */,
				FF41F219299CBAA1003B1745 /* SignUp */,
				FF41F206299CA437003B1745 /* Login */,
				FF41F1F9299C98C6003B1745 /* SignIn */,
			);
			path = Registration;
			sourceTree = "<group>";
		};
		FF41F1F9299C98C6003B1745 /* SignIn */ = {
			isa = PBXGroup;
			children = (
				FF41F1FA299C98D1003B1745 /* Views */,
			);
			path = SignIn;
			sourceTree = "<group>";
		};
		FF41F1FA299C98D1003B1745 /* Views */ = {
			isa = PBXGroup;
			children = (
				FF41F1FB299C98E0003B1745 /* SignInView.swift */,
			);
			path = Views;
			sourceTree = "<group>";
		};
		FF41F1FD299C9D32003B1745 /* Components */ = {
			isa = PBXGroup;
			children = (
				FF83D1E329D9775100081B94 /* Restaurant */,
				FFAFDF9D29A8A82F002A000B /* Filter */,
				FFAFDF9A29A8A61D002A000B /* Others */,
				FF2CAB5C29A37BD200E062E1 /* Search */,
				FF470E7329A130D900314934 /* SignIn */,
				FFBB2FF1299F94220061771C /* Image */,
				FF41F223299CC302003B1745 /* Toggle */,
				FF41F222299CC2E6003B1745 /* TextField */,
				FF41F221299CC2D2003B1745 /* Buttons */,
			);
			path = Components;
			sourceTree = "<group>";
		};
		FF41F206299CA437003B1745 /* Login */ = {
			isa = PBXGroup;
			children = (
				FF470E6D29A129FF00314934 /* ViewModel */,
				FF41F207299CA43F003B1745 /* View */,
			);
			path = Login;
			sourceTree = "<group>";
		};
		FF41F207299CA43F003B1745 /* View */ = {
			isa = PBXGroup;
			children = (
				FF41F208299CA44A003B1745 /* LoginView.swift */,
			);
			path = View;
			sourceTree = "<group>";
		};
		FF41F20E299CAF47003B1745 /* Modifilers */ = {
			isa = PBXGroup;
			children = (
				FF41F20F299CAF6B003B1745 /* EmailPasswordModifier.swift */,
				FF41F22A299CC721003B1745 /* ProfileImageViewModifier.swift */,
				FF737E7F29D3471700E5F602 /* ConfirmationDialogModifier.swift */,
			);
			path = Modifilers;
			sourceTree = "<group>";
		};
		FF41F219299CBAA1003B1745 /* SignUp */ = {
			isa = PBXGroup;
			children = (
				FF83D1E829D98C3D00081B94 /* ViewModel */,
				FF41F21A299CBAA9003B1745 /* View */,
			);
			path = SignUp;
			sourceTree = "<group>";
		};
		FF41F21A299CBAA9003B1745 /* View */ = {
			isa = PBXGroup;
			children = (
				FF41F21B299CBAB5003B1745 /* SignUpView.swift */,
			);
			path = View;
			sourceTree = "<group>";
		};
		FF41F221299CC2D2003B1745 /* Buttons */ = {
			isa = PBXGroup;
			children = (
				FF41F204299CA209003B1745 /* RegistrationBottomHelperButton.swift */,
				FF41F202299C9E92003B1745 /* PrimaryButton.swift */,
				FF1A339229A76AB500BA9732 /* SecondaryButton.swift */,
			);
			path = Buttons;
			sourceTree = "<group>";
		};
		FF41F222299CC2E6003B1745 /* TextField */ = {
			isa = PBXGroup;
			children = (
				FF41F20A299CAA99003B1745 /* EmailField.swift */,
				FF41F20C299CACDA003B1745 /* PasswordField.swift */,
				FF41F21D299CBD8E003B1745 /* PasswordConfirmField.swift */,
			);
			path = TextField;
			sourceTree = "<group>";
		};
		FF41F223299CC302003B1745 /* Toggle */ = {
			isa = PBXGroup;
			children = (
				FF41F217299CB256003B1745 /* RemembeMeToggle.swift */,
			);
			path = Toggle;
			sourceTree = "<group>";
		};
		FF41F224299CC3C2003B1745 /* AccountSetup */ = {
			isa = PBXGroup;
			children = (
				FF41F225299CC3D1003B1745 /* View */,
			);
			path = AccountSetup;
			sourceTree = "<group>";
		};
		FF41F225299CC3D1003B1745 /* View */ = {
			isa = PBXGroup;
			children = (
				FF41F226299CC3E1003B1745 /* ProfileSetupView.swift */,
			);
			path = View;
			sourceTree = "<group>";
		};
		FF43291A29A210DE00AEA0EA /* Home */ = {
			isa = PBXGroup;
			children = (
				FF2CAB5F29A381BC00E062E1 /* ViewModel */,
				FF43291D29A2289300AEA0EA /* Views */,
			);
			path = Home;
			sourceTree = "<group>";
		};
		FF43291D29A2289300AEA0EA /* Views */ = {
			isa = PBXGroup;
			children = (
				FF43291E29A2289F00AEA0EA /* HomeView.swift */,
				FF1E49A729A3EA03004B6FE1 /* RestaurantBannerView.swift */,
				FFFC850229A6B0B300C1130D /* RestaurantPromotionsView.swift */,
				FF95EEAB29A7EFFE001D38DE /* RestaurantListView.swift */,
			);
			path = Views;
			sourceTree = "<group>";
		};
		FF470E6A29A129C200314934 /* Models */ = {
			isa = PBXGroup;
			children = (
				FFB6C44129F1AC9B005F2346 /* ReservedRestaurant */,
				FFAA49B329EED79E00B2561D /* Booking */,
				FFAA49AC29EEA8E800B2561D /* Food */,
				FF90C25829EC6104005FAF4C /* Restaurant */,
				FF59750529D75406009E15D0 /* RestaurantScheme */,
				FF470E7429A1322200314934 /* Auth */,
				FFB2350929E163430053FD59 /* Others */,
			);
			path = Models;
			sourceTree = "<group>";
		};
		FF470E6D29A129FF00314934 /* ViewModel */ = {
			isa = PBXGroup;
			children = (
				FF470E6E29A12A1600314934 /* LoginViewModel.swift */,
			);
			path = ViewModel;
			sourceTree = "<group>";
		};
		FF470E7029A12FBB00314934 /* Auth */ = {
			isa = PBXGroup;
			children = (
				FF470E7129A12FCA00314934 /* AuthService.swift */,
				FF43291B29A21DD900AEA0EA /* KeychainService.swift */,
			);
			path = Auth;
			sourceTree = "<group>";
		};
		FF470E7329A130D900314934 /* SignIn */ = {
			isa = PBXGroup;
			children = (
				FF41F21F299CBF2C003B1745 /* SignInWithView.swift */,
			);
			path = SignIn;
			sourceTree = "<group>";
		};
		FF470E7429A1322200314934 /* Auth */ = {
			isa = PBXGroup;
			children = (
				FF470E6B29A129D400314934 /* Credentials.swift */,
				FF470E7929A1457B00314934 /* Authentication.swift */,
			);
			path = Auth;
			sourceTree = "<group>";
		};
		FF59750529D75406009E15D0 /* RestaurantScheme */ = {
			isa = PBXGroup;
			children = (
				FF59750629D75425009E15D0 /* Point.swift */,
			);
			path = RestaurantScheme;
			sourceTree = "<group>";
		};
		FF68D23629D81F320064ECF9 /* SecondaryViews */ = {
			isa = PBXGroup;
			children = (
				FF68D23829D81F5E0064ECF9 /* AddPaymentView */,
			);
			path = SecondaryViews;
			sourceTree = "<group>";
		};
		FF68D23729D81F550064ECF9 /* View */ = {
			isa = PBXGroup;
			children = (
				FF59750829D76C1E009E15D0 /* AddPaymentMethodView.swift */,
			);
			path = View;
			sourceTree = "<group>";
		};
		FF68D23829D81F5E0064ECF9 /* AddPaymentView */ = {
			isa = PBXGroup;
			children = (
				FF68D23B29D81F7E0064ECF9 /* ViewModel */,
				FF68D23729D81F550064ECF9 /* View */,
			);
			path = AddPaymentView;
			sourceTree = "<group>";
		};
		FF68D23B29D81F7E0064ECF9 /* ViewModel */ = {
			isa = PBXGroup;
			children = (
				FF68D23C29D81F920064ECF9 /* AddPaymentViewModel.swift */,
			);
			path = ViewModel;
			sourceTree = "<group>";
		};
		FF68D24429D8A1570064ECF9 /* ViewModel */ = {
			isa = PBXGroup;
			children = (
				FF68D24529D8A16D0064ECF9 /* EditProfileViewModel.swift */,
			);
			path = ViewModel;
			sourceTree = "<group>";
		};
		FF68D24B29D8AE8B0064ECF9 /* Main */ = {
			isa = PBXGroup;
			children = (
				FF68D24C29D8AE990064ECF9 /* ViewModel */,
				FF68D24D29D8AE9F0064ECF9 /* View */,
			);
			path = Main;
			sourceTree = "<group>";
		};
		FF68D24C29D8AE990064ECF9 /* ViewModel */ = {
			isa = PBXGroup;
			children = (
				FF68D24929D8A4AB0064ECF9 /* ProfileViewModel.swift */,
			);
			path = ViewModel;
			sourceTree = "<group>";
		};
		FF68D24D29D8AE9F0064ECF9 /* View */ = {
			isa = PBXGroup;
			children = (
				FF68D24729D8A45A0064ECF9 /* ProfileView.swift */,
			);
			path = View;
			sourceTree = "<group>";
		};
		FF68D24E29D8AEB00064ECF9 /* Edit */ = {
			isa = PBXGroup;
			children = (
				FF68D24429D8A1570064ECF9 /* ViewModel */,
				FF2CAB5929A3744900E062E1 /* View */,
			);
			path = Edit;
			sourceTree = "<group>";
		};
		FF68D24F29D8AEC60064ECF9 /* Security */ = {
			isa = PBXGroup;
			children = (
				FF68D25129D8AED40064ECF9 /* ViewModel */,
				FF68D25029D8AECF0064ECF9 /* View */,
			);
			path = Security;
			sourceTree = "<group>";
		};
		FF68D25029D8AECF0064ECF9 /* View */ = {
			isa = PBXGroup;
			children = (
				FF68D25229D8AEE10064ECF9 /* SecurityView.swift */,
			);
			path = View;
			sourceTree = "<group>";
		};
		FF68D25129D8AED40064ECF9 /* ViewModel */ = {
			isa = PBXGroup;
			children = (
				FF68D25429D8AF4E0064ECF9 /* SecurityViewModel.swift */,
			);
			path = ViewModel;
			sourceTree = "<group>";
		};
		FF68D25629D8B0000064ECF9 /* Security */ = {
			isa = PBXGroup;
			children = (
				FF68D25729D8B0100064ECF9 /* Biometrics.swift */,
				FF83D1E929D99D5900081B94 /* KeychainManager.swift */,
			);
			path = Security;
			sourceTree = "<group>";
		};
		FF68D25929D8B3670064ECF9 /* Payment */ = {
			isa = PBXGroup;
			children = (
				FF68D25A29D8B37A0064ECF9 /* ViewModel */,
				FF68D25B29D8B3800064ECF9 /* View */,
			);
			path = Payment;
			sourceTree = "<group>";
		};
		FF68D25A29D8B37A0064ECF9 /* ViewModel */ = {
			isa = PBXGroup;
			children = (
				FF68D25E29D8B3B30064ECF9 /* PaymentViewModel.swift */,
			);
			path = ViewModel;
			sourceTree = "<group>";
		};
		FF68D25B29D8B3800064ECF9 /* View */ = {
			isa = PBXGroup;
			children = (
				FF68D25C29D8B3900064ECF9 /* PaymentView.swift */,
			);
			path = View;
			sourceTree = "<group>";
		};
		FF6E671829CF12D500B3FE7D /* Booking */ = {
			isa = PBXGroup;
			children = (
				FF6E671929CF12E200B3FE7D /* BookingService.swift */,
			);
			path = Booking;
			sourceTree = "<group>";
		};
		FF7F6C1029EFEBFC00649819 /* RestaurantScheme */ = {
			isa = PBXGroup;
			children = (
				FF7F6C1129EFEC0D00649819 /* SchemeDataService.swift */,
			);
			path = RestaurantScheme;
			sourceTree = "<group>";
		};
		FF83D1E329D9775100081B94 /* Restaurant */ = {
			isa = PBXGroup;
			children = (
				FFFC84FE29A64B4200C1130D /* RestaurantCardView.swift */,
				FFDF071629B3C1D100AB0173 /* CancelBookingView.swift */,
				FF83D1E429D9777300081B94 /* RateRestaurantView.swift */,
			);
			path = Restaurant;
			sourceTree = "<group>";
		};
		FF83D1E829D98C3D00081B94 /* ViewModel */ = {
			isa = PBXGroup;
			children = (
				FF83D1E629D98C3900081B94 /* SignUpViewModel.swift */,
			);
			path = ViewModel;
			sourceTree = "<group>";
		};
		FF8BA8B329B85EA500D71861 /* Detail */ = {
			isa = PBXGroup;
			children = (
				FF8BA8B429B85EAB00D71861 /* ViewModel */,
				FF8BA8B529B85EB100D71861 /* Views */,
			);
			path = Detail;
			sourceTree = "<group>";
		};
		FF8BA8B429B85EAB00D71861 /* ViewModel */ = {
			isa = PBXGroup;
			children = (
				FF8BA8BC29B8B60400D71861 /* RestaurantDetailViewModel.swift */,
				FFAA49AA29EE900900B2561D /* CommentViewModel.swift */,
			);
			path = ViewModel;
			sourceTree = "<group>";
		};
		FF8BA8B529B85EB100D71861 /* Views */ = {
			isa = PBXGroup;
			children = (
				FF8BA8B629B864DB00D71861 /* DetailView.swift */,
				FF8BA8B829B8816E00D71861 /* RestaurantRatingStarView.swift */,
				FF8BA8BA29B8AD9500D71861 /* DetailMapView.swift */,
				FF5391BB29BCAB61004AF07D /* CommentBoxView.swift */,
				FF5391C129BCB72A004AF07D /* CommentView.swift */,
			);
			path = Views;
			sourceTree = "<group>";
		};
		FF90C25829EC6104005FAF4C /* Restaurant */ = {
			isa = PBXGroup;
			children = (
				FF2CAB6829A38EA400E062E1 /* Restaurant.swift */,
				FFDF071129B3972F00AB0173 /* BookingStatus.swift */,
				FF5391BD29BCAB7F004AF07D /* Comment.swift */,
			);
			path = Restaurant;
			sourceTree = "<group>";
		};
		FF94C75629D5CA5400BF3072 /* OrderView */ = {
			isa = PBXGroup;
			children = (
				FF94C75829D5CA6900BF3072 /* ViewModel */,
				FF94C75729D5CA6400BF3072 /* View */,
			);
			path = OrderView;
			sourceTree = "<group>";
		};
		FF94C75729D5CA6400BF3072 /* View */ = {
			isa = PBXGroup;
			children = (
				FF518F5529CB92CA00A285CD /* OrderView.swift */,
				FFB6C43A29F157EE005F2346 /* ConfirmLoadingView.swift */,
			);
			path = View;
			sourceTree = "<group>";
		};
		FF94C75829D5CA6900BF3072 /* ViewModel */ = {
			isa = PBXGroup;
			children = (
				FF6E671429CEFA3A00B3FE7D /* OrderViewModel.swift */,
			);
			path = ViewModel;
			sourceTree = "<group>";
		};
		FF9F903E29C5F64D00386B19 /* FoodView */ = {
			isa = PBXGroup;
			children = (
				FF9F903F29C5F65500386B19 /* ViewModel */,
				FF9F904029C5F65D00386B19 /* Views */,
			);
			path = FoodView;
			sourceTree = "<group>";
		};
		FF9F903F29C5F65500386B19 /* ViewModel */ = {
			isa = PBXGroup;
			children = (
				FF53992B29C8D2E800CA0F89 /* FoodViewModel.swift */,
				FF936D4729CAF46D00302F3E /* FoodCardViewModel.swift */,
			);
			path = ViewModel;
			sourceTree = "<group>";
		};
		FF9F904029C5F65D00386B19 /* Views */ = {
			isa = PBXGroup;
			children = (
				FF9F904529C601FE00386B19 /* FoodView.swift */,
				FF9F904129C5F68B00386B19 /* FoodCardView.swift */,
				FF936D4B29CB210600302F3E /* FoodDetailView.swift */,
			);
			path = Views;
			sourceTree = "<group>";
		};
		FFAA49AC29EEA8E800B2561D /* Food */ = {
			isa = PBXGroup;
			children = (
				FF9F903C29C5ED4E00386B19 /* Food.swift */,
				FF841F1D29CA37DA00CA7593 /* OrderedFood.swift */,
				FF9F904329C5F91700386B19 /* FoodType.swift */,
			);
			path = Food;
			sourceTree = "<group>";
		};
		FFAA49AD29EEAA1100B2561D /* Restaurant */ = {
			isa = PBXGroup;
			children = (
				FFB22A8729DB1D9E00EDFEB0 /* RestaurantDataService.swift */,
				FFAA49A629EE73F800B2561D /* RestaurantDetailDataService.swift */,
			);
			path = Restaurant;
			sourceTree = "<group>";
		};
		FFAA49AE29EEAA2100B2561D /* Food */ = {
			isa = PBXGroup;
			children = (
				FFAA49AF29EEAA2E00B2561D /* FoodDataService.swift */,
			);
			path = Food;
			sourceTree = "<group>";
		};
		FFAA49B329EED79E00B2561D /* Booking */ = {
			isa = PBXGroup;
			children = (
				FF6E671629CF014E00B3FE7D /* BookingRestaurant.swift */,
				FF90C25629EC1A55005FAF4C /* TableInfo.swift */,
				FF94C75929D5CAC400BF3072 /* BookedRestaurant.swift */,
			);
			path = Booking;
			sourceTree = "<group>";
		};
		FFAA49B429EF126600B2561D /* Book */ = {
			isa = PBXGroup;
			children = (
				FFAA49B529EF128100B2561D /* BookDataService.swift */,
			);
			path = Book;
			sourceTree = "<group>";
		};
		FFAFDF9A29A8A61D002A000B /* Others */ = {
			isa = PBXGroup;
			children = (
				FF41F1FE299C9D41003B1745 /* DividerWithText.swift */,
				FF470E7729A13D7600314934 /* ProcessingView.swift */,
				FF95225E29A53781000E0F57 /* Carousel.swift */,
				FFAFDFAA29A8C8BE002A000B /* StarRatingView.swift */,
				FF83D1E129D9723100081B94 /* LogoutView.swift */,
			);
			path = Others;
			sourceTree = "<group>";
		};
		FFAFDF9D29A8A82F002A000B /* Filter */ = {
			isa = PBXGroup;
			children = (
				FFAFDF9B29A8A63C002A000B /* FilterView.swift */,
				FFAFDFA629A8B39D002A000B /* FilterPriceRangeView.swift */,
				FFAFDFA829A8B634002A000B /* PriceSliderView.swift */,
				FFAFDF9E29A8A893002A000B /* FilterSectionHeaderView.swift */,
			);
			path = Filter;
			sourceTree = "<group>";
		};
		FFB22A8629DB1D8C00EDFEB0 /* Networking */ = {
			isa = PBXGroup;
			children = (
				FFB6C43E29F17A90005F2346 /* ReservedRestaurant */,
				FF7F6C1029EFEBFC00649819 /* RestaurantScheme */,
				FFAA49B429EF126600B2561D /* Book */,
				FFAA49AE29EEAA2100B2561D /* Food */,
				FFAA49AD29EEAA1100B2561D /* Restaurant */,
			);
			path = Networking;
			sourceTree = "<group>";
		};
		FFB2350229E14C460053FD59 /* RestaurantScheme */ = {
			isa = PBXGroup;
			children = (
				FFB2350629E14F710053FD59 /* ViewModel */,
				FFB2350329E14C510053FD59 /* Views */,
			);
			path = RestaurantScheme;
			sourceTree = "<group>";
		};
		FFB2350329E14C510053FD59 /* Views */ = {
			isa = PBXGroup;
			children = (
				FFB2350429E14C830053FD59 /* SchemeView.swift */,
				FF90C25429EC188C005FAF4C /* TableInfoView.swift */,
				FFB2350A29E16FB70053FD59 /* Group */,
			);
			path = Views;
			sourceTree = "<group>";
		};
		FFB2350629E14F710053FD59 /* ViewModel */ = {
			isa = PBXGroup;
			children = (
				FFB2350729E14F7F0053FD59 /* SchemeViewModel.swift */,
			);
			path = ViewModel;
			sourceTree = "<group>";
		};
		FFB2350929E163430053FD59 /* Others */ = {
			isa = PBXGroup;
			children = (
				FF2CAB6029A3820100E062E1 /* Category.swift */,
				FFAFDFA429A8B120002A000B /* RestaurantFilter.swift */,
				FF5391BF29BCAC06004AF07D /* User.swift */,
				FFEE49DC29BDA96A003E8466 /* Book.swift */,
				FF68D24029D83FF00064ECF9 /* ReservedRestaurant.swift */,
				FF68D26029D8B3F50064ECF9 /* PaymentCard.swift */,
			);
			path = Others;
			sourceTree = "<group>";
		};
		FFB2350A29E16FB70053FD59 /* Group */ = {
			isa = PBXGroup;
			children = (
				FFB2350B29E16FCE0053FD59 /* GroupView.swift */,
				FFB2351529E19D810053FD59 /* SchemeMapView.swift */,
			);
			path = Group;
			sourceTree = "<group>";
		};
		FFB2596929ED3CC2005B679B /* Utilities */ = {
			isa = PBXGroup;
			children = (
				FFB2597229ED601C005B679B /* View */,
				FFB2596A29ED3CD4005B679B /* Constants.swift */,
				FFB2596F29ED4CE2005B679B /* NetworkingManager.swift */,
				FFB2597529ED7ACE005B679B /* NetworkingError.swift */,
			);
			path = Utilities;
			sourceTree = "<group>";
		};
		FFB2596C29ED4639005B679B /* Tools */ = {
			isa = PBXGroup;
			children = (
				FFB2596D29ED464B005B679B /* ImageService.swift */,
				FFB6C43C29F16165005F2346 /* NavigationUtil.swift */,
			);
			path = Tools;
			sourceTree = "<group>";
		};
		FFB2597229ED601C005B679B /* View */ = {
			isa = PBXGroup;
			children = (
				FFB2597329ED6030005B679B /* PageInfo.swift */,
			);
			path = View;
			sourceTree = "<group>";
		};
		FFB6C43E29F17A90005F2346 /* ReservedRestaurant */ = {
			isa = PBXGroup;
			children = (
				FFB6C43F29F17AA5005F2346 /* ReservedRestaurantDataService.swift */,
			);
			path = ReservedRestaurant;
			sourceTree = "<group>";
		};
		FFB6C44129F1AC9B005F2346 /* ReservedRestaurant */ = {
			isa = PBXGroup;
			children = (
				FF68D24229D8412E0064ECF9 /* ReservedRestaurantDetail.swift */,
			);
			path = ReservedRestaurant;
			sourceTree = "<group>";
		};
		FFBB2FED299F83FF0061771C /* Services */ = {
			isa = PBXGroup;
			children = (
				FFB2596C29ED4639005B679B /* Tools */,
				FFB22A8629DB1D8C00EDFEB0 /* Networking */,
				FF68D25629D8B0000064ECF9 /* Security */,
				FF6E671829CF12D500B3FE7D /* Booking */,
				FF470E7029A12FBB00314934 /* Auth */,
				FFBB2FEE299F84130061771C /* PhotoService */,
			);
			path = Services;
			sourceTree = "<group>";
		};
		FFBB2FEE299F84130061771C /* PhotoService */ = {
			isa = PBXGroup;
			children = (
				FFBB2FEF299F84DC0061771C /* ImagePicker.swift */,
				FFBB2FF4299F97540061771C /* ImageTaker.swift */,
			);
			path = PhotoService;
			sourceTree = "<group>";
		};
		FFBB2FF1299F94220061771C /* Image */ = {
			isa = PBXGroup;
			children = (
				FF41F228299CC566003B1745 /* ProfileImageView.swift */,
			);
			path = Image;
			sourceTree = "<group>";
		};
		FFBB2FF6299FA2C10061771C /* ViewBuilders */ = {
			isa = PBXGroup;
			children = (
				FFBB2FF7299FA2D60061771C /* AlertBuilder.swift */,
			);
			path = ViewBuilders;
			sourceTree = "<group>";
		};
		FFBB2FFB299FB08B0061771C /* ForgotPassword */ = {
			isa = PBXGroup;
			children = (
				FFBB2FFE299FF09F0061771C /* Views */,
			);
			path = ForgotPassword;
			sourceTree = "<group>";
		};
		FFBB2FFE299FF09F0061771C /* Views */ = {
			isa = PBXGroup;
			children = (
				FFBB2FFC299FB0B80061771C /* ResetTypeView.swift */,
				FFBB3000299FF10C0061771C /* CodeVerificationView.swift */,
				FF470E6829A0DE1E00314934 /* NewPasswordView.swift */,
			);
			path = Views;
			sourceTree = "<group>";
		};
		FFDF071329B3B4DD00AB0173 /* ViewModel */ = {
			isa = PBXGroup;
			children = (
				FFDF071429B3B4F400AB0173 /* BookingViewModel.swift */,
			);
			path = ViewModel;
			sourceTree = "<group>";
		};
		FFEE49D729BDA7D0003E8466 /* RestaurantBooking */ = {
			isa = PBXGroup;
			children = (
				FFEE49D929BDA7EF003E8466 /* ViewModel */,
				FFEE49D829BDA7EA003E8466 /* Views */,
			);
			path = RestaurantBooking;
			sourceTree = "<group>";
		};
		FFEE49D829BDA7EA003E8466 /* Views */ = {
			isa = PBXGroup;
			children = (
				FFEE49DA29BDA7FD003E8466 /* RestaurantBookingView.swift */,
			);
			path = Views;
			sourceTree = "<group>";
		};
		FFEE49D929BDA7EF003E8466 /* ViewModel */ = {
			isa = PBXGroup;
			children = (
				FFEE49DE29BDA9B9003E8466 /* BookViewModel.swift */,
			);
			path = ViewModel;
			sourceTree = "<group>";
		};
		FFF823B729B4A9080092BB73 /* ViewModel */ = {
			isa = PBXGroup;
			children = (
				FFF823B829B4A9170092BB73 /* MapViewModel.swift */,
			);
			path = ViewModel;
			sourceTree = "<group>";
		};
/* End PBXGroup section */

/* Begin PBXNativeTarget section */
		FF41F1E2299C939B003B1745 /* RestaurantBooking */ = {
			isa = PBXNativeTarget;
			buildConfigurationList = FF41F1F1299C939E003B1745 /* Build configuration list for PBXNativeTarget "RestaurantBooking" */;
			buildPhases = (
				FF41F1DF299C939B003B1745 /* Sources */,
				FF41F1E0299C939B003B1745 /* Frameworks */,
				FF41F1E1299C939B003B1745 /* Resources */,
			);
			buildRules = (
			);
			dependencies = (
			);
			name = RestaurantBooking;
			productName = RestaurantBooking;
			productReference = FF41F1E3299C939B003B1745 /* RestaurantBooking.app */;
			productType = "com.apple.product-type.application";
		};
/* End PBXNativeTarget section */

/* Begin PBXProject section */
		FF41F1DB299C939B003B1745 /* Project object */ = {
			isa = PBXProject;
			attributes = {
				BuildIndependentTargetsInParallel = 1;
				LastSwiftUpdateCheck = 1340;
				LastUpgradeCheck = 1340;
				TargetAttributes = {
					FF41F1E2299C939B003B1745 = {
						CreatedOnToolsVersion = 13.4.1;
					};
				};
			};
			buildConfigurationList = FF41F1DE299C939B003B1745 /* Build configuration list for PBXProject "RestaurantBooking" */;
			compatibilityVersion = "Xcode 13.0";
			developmentRegion = en;
			hasScannedForEncodings = 0;
			knownRegions = (
				en,
				Base,
			);
			mainGroup = FF41F1DA299C939B003B1745;
			productRefGroup = FF41F1E4299C939B003B1745 /* Products */;
			projectDirPath = "";
			projectRoot = "";
			targets = (
				FF41F1E2299C939B003B1745 /* RestaurantBooking */,
			);
		};
/* End PBXProject section */

/* Begin PBXResourcesBuildPhase section */
		FF41F1E1299C939B003B1745 /* Resources */ = {
			isa = PBXResourcesBuildPhase;
			buildActionMask = 2147483647;
			files = (
				FF41F1EE299C939E003B1745 /* Preview Assets.xcassets in Resources */,
				FF41F1EB299C939E003B1745 /* Assets.xcassets in Resources */,
			);
			runOnlyForDeploymentPostprocessing = 0;
		};
/* End PBXResourcesBuildPhase section */

/* Begin PBXSourcesBuildPhase section */
		FF41F1DF299C939B003B1745 /* Sources */ = {
			isa = PBXSourcesBuildPhase;
			buildActionMask = 2147483647;
			files = (
				FFB2596B29ED3CD4005B679B /* Constants.swift in Sources */,
				FF2CAB6929A38EA400E062E1 /* Restaurant.swift in Sources */,
				FF8BA8B729B864DB00D71861 /* DetailView.swift in Sources */,
				FF470E6929A0DE1E00314934 /* NewPasswordView.swift in Sources */,
				FF41F203299C9E92003B1745 /* PrimaryButton.swift in Sources */,
				FF737E8029D3471700E5F602 /* ConfirmationDialogModifier.swift in Sources */,
				FF936D4829CAF46D00302F3E /* FoodCardViewModel.swift in Sources */,
				FFB2597029ED4CE2005B679B /* NetworkingManager.swift in Sources */,
				FFDF071729B3C1D100AB0173 /* CancelBookingView.swift in Sources */,
				FF41F20B299CAA99003B1745 /* EmailField.swift in Sources */,
				FFDF071229B3972F00AB0173 /* BookingStatus.swift in Sources */,
				FF0E2A0B299D47FA0011BF01 /* String.swift in Sources */,
				FF68D24829D8A45A0064ECF9 /* ProfileView.swift in Sources */,
				FFBB2FF0299F84DC0061771C /* ImagePicker.swift in Sources */,
				FF43291F29A2289F00AEA0EA /* HomeView.swift in Sources */,
				FF83D1EA29D99D5900081B94 /* KeychainManager.swift in Sources */,
				FF9F904429C5F91700386B19 /* FoodType.swift in Sources */,
				FFB6C43D29F16165005F2346 /* NavigationUtil.swift in Sources */,
				FF68D25829D8B0100064ECF9 /* Biometrics.swift in Sources */,
				FF2CAB6729A38AAA00E062E1 /* PreviewProvider.swift in Sources */,
				FF68D23F29D83F760064ECF9 /* ReserveInfoView.swift in Sources */,
				FF59750929D76C1E009E15D0 /* AddPaymentMethodView.swift in Sources */,
				FFAFDFA529A8B120002A000B /* RestaurantFilter.swift in Sources */,
				FFAA49A729EE73F800B2561D /* RestaurantDetailDataService.swift in Sources */,
				FFB2350C29E16FCE0053FD59 /* GroupView.swift in Sources */,
				FF8BA8BD29B8B60400D71861 /* RestaurantDetailViewModel.swift in Sources */,
				FF6E671529CEFA3A00B3FE7D /* OrderViewModel.swift in Sources */,
				FF6E671C29CF289000B3FE7D /* Date.swift in Sources */,
				FFDF071529B3B4F400AB0173 /* BookingViewModel.swift in Sources */,
				FF41F21E299CBD8E003B1745 /* PasswordConfirmField.swift in Sources */,
				FF9F904229C5F68B00386B19 /* FoodCardView.swift in Sources */,
				FF41F1E9299C939B003B1745 /* ContentView.swift in Sources */,
				FFF823BD29B4B8510092BB73 /* RestaurantLocationPreview.swift in Sources */,
				FF2CAB6529A3886A00E062E1 /* CategoryCollectionView.swift in Sources */,
				FF68D26129D8B3F50064ECF9 /* PaymentCard.swift in Sources */,
				FF2CAB4F29A368A600E062E1 /* MainView.swift in Sources */,
				FFEE49DB29BDA7FD003E8466 /* RestaurantBookingView.swift in Sources */,
				FF41F210299CAF6B003B1745 /* EmailPasswordModifier.swift in Sources */,
				FF1E1A4329B0FBBE00449C89 /* BookingCardView.swift in Sources */,
				FF41F20D299CACDA003B1745 /* PasswordField.swift in Sources */,
				FFBB2FF8299FA2D60061771C /* AlertBuilder.swift in Sources */,
				FF470E6C29A129D400314934 /* Credentials.swift in Sources */,
				FF41F229299CC566003B1745 /* ProfileImageView.swift in Sources */,
				FF41F1E7299C939B003B1745 /* RestaurantBookingApp.swift in Sources */,
				FF5391C029BCAC06004AF07D /* User.swift in Sources */,
				FFFC84FF29A64B4200C1130D /* RestaurantCardView.swift in Sources */,
				FFAA49B629EF128100B2561D /* BookDataService.swift in Sources */,
				FFAA49B029EEAA2E00B2561D /* FoodDataService.swift in Sources */,
				FFAFDF9C29A8A63C002A000B /* FilterView.swift in Sources */,
				FFFC850329A6B0B300C1130D /* RestaurantPromotionsView.swift in Sources */,
				FFAA49AB29EE900900B2561D /* CommentViewModel.swift in Sources */,
				FF2CAB6B29A3CDC500E062E1 /* UIApplication.swift in Sources */,
				FF41F1FC299C98E0003B1745 /* SignInView.swift in Sources */,
				FF5391BE29BCAB7F004AF07D /* Comment.swift in Sources */,
				FF2CAB5B29A3745300E062E1 /* EditProfileView.swift in Sources */,
				FF2CAB5E29A37BE300E062E1 /* SearchFieldView.swift in Sources */,
				FFBB2FF5299F97540061771C /* ImageTaker.swift in Sources */,
				FF5391BC29BCAB61004AF07D /* CommentBoxView.swift in Sources */,
				FF9F904629C601FE00386B19 /* FoodView.swift in Sources */,
				FF68D25D29D8B3900064ECF9 /* PaymentView.swift in Sources */,
				FFAFDF9F29A8A893002A000B /* FilterSectionHeaderView.swift in Sources */,
				FFF823BB29B4B2930092BB73 /* MapListView.swift in Sources */,
				FF470E7A29A1457B00314934 /* Authentication.swift in Sources */,
				FF41F227299CC3E1003B1745 /* ProfileSetupView.swift in Sources */,
				FFAA49A929EE8CBA00B2561D /* JSONDecoder.swift in Sources */,
				FF95225F29A53781000E0F57 /* Carousel.swift in Sources */,
				FF90C25529EC188C005FAF4C /* TableInfoView.swift in Sources */,
				FF7F6C1229EFEC0D00649819 /* SchemeDataService.swift in Sources */,
				FF8BA8BB29B8AD9500D71861 /* DetailMapView.swift in Sources */,
				FF94C75A29D5CAC400BF3072 /* BookedRestaurant.swift in Sources */,
				FF41F1FF299C9D41003B1745 /* DividerWithText.swift in Sources */,
				FF68D25329D8AEE10064ECF9 /* SecurityView.swift in Sources */,
				FF68D23D29D81F920064ECF9 /* AddPaymentViewModel.swift in Sources */,
				FF2CAB6329A382B400E062E1 /* HomeViewModel.swift in Sources */,
				FF841F1E29CA37DA00CA7593 /* OrderedFood.swift in Sources */,
				FFB22A8829DB1D9E00EDFEB0 /* RestaurantDataService.swift in Sources */,
				FFAFDFA929A8B634002A000B /* PriceSliderView.swift in Sources */,
				FFB2350529E14C830053FD59 /* SchemeView.swift in Sources */,
				FF41F216299CB046003B1745 /* View.swift in Sources */,
				FF41F205299CA209003B1745 /* RegistrationBottomHelperButton.swift in Sources */,
				FFAFDFAB29A8C8BE002A000B /* StarRatingView.swift in Sources */,
				FFEE49DD29BDA96A003E8466 /* Book.swift in Sources */,
				FF1A339329A76AB500BA9732 /* SecondaryButton.swift in Sources */,
				FFBB2FFD299FB0B80061771C /* ResetTypeView.swift in Sources */,
				FF1E1A4129B0FACD00449C89 /* TabBarItem.swift in Sources */,
				FFAFDFAD29A8CA40002A000B /* StarRatingCollectionView.swift in Sources */,
				FF1E1A3F29B0FAB000449C89 /* TabBarView.swift in Sources */,
				FF518F5629CB92CA00A285CD /* OrderView.swift in Sources */,
				FF83D1E729D98C3900081B94 /* SignUpViewModel.swift in Sources */,
				FF68D24629D8A16D0064ECF9 /* EditProfileViewModel.swift in Sources */,
				FF470E7829A13D7600314934 /* ProcessingView.swift in Sources */,
				FFB2596E29ED464B005B679B /* ImageService.swift in Sources */,
				FFB2597629ED7ACE005B679B /* NetworkingError.swift in Sources */,
				FF68D25F29D8B3B30064ECF9 /* PaymentViewModel.swift in Sources */,
				FFB2350829E14F7F0053FD59 /* SchemeViewModel.swift in Sources */,
				FFF823B929B4A9170092BB73 /* MapViewModel.swift in Sources */,
				FFAFDFAF29A94D99002A000B /* BookingListView.swift in Sources */,
				FF41F21C299CBAB5003B1745 /* SignUpView.swift in Sources */,
				FF6E671729CF014E00B3FE7D /* BookingRestaurant.swift in Sources */,
				FF2CAB5529A3743600E062E1 /* MapView.swift in Sources */,
				FF92B92C29B63D71004981D6 /* RestaurantMapAnnotationView.swift in Sources */,
				FFB6C44029F17AA5005F2346 /* ReservedRestaurantDataService.swift in Sources */,
				FF470E6F29A12A1600314934 /* LoginViewModel.swift in Sources */,
				FF41F209299CA44A003B1745 /* LoginView.swift in Sources */,
				FF1E49AA29A3EB2F004B6FE1 /* Double.swift in Sources */,
				FF41F218299CB256003B1745 /* RemembeMeToggle.swift in Sources */,
				FFAFDFA729A8B39D002A000B /* FilterPriceRangeView.swift in Sources */,
				FF6E671A29CF12E200B3FE7D /* BookingService.swift in Sources */,
				FF2CAB6129A3820100E062E1 /* Category.swift in Sources */,
				FF68D25529D8AF4E0064ECF9 /* SecurityViewModel.swift in Sources */,
				FF90C25729EC1A55005FAF4C /* TableInfo.swift in Sources */,
				FF1E49A829A3EA03004B6FE1 /* RestaurantBannerView.swift in Sources */,
				FF43291C29A21DD900AEA0EA /* KeychainService.swift in Sources */,
				FF5391C229BCB72A004AF07D /* CommentView.swift in Sources */,
				FF53992C29C8D2E800CA0F89 /* FoodViewModel.swift in Sources */,
				FFBB2FFA299FA92E0061771C /* Notification.swift in Sources */,
				FFBB3001299FF10C0061771C /* CodeVerificationView.swift in Sources */,
				FFB6C43B29F157EE005F2346 /* ConfirmLoadingView.swift in Sources */,
				FF2CAB5829A3744500E062E1 /* BookingView.swift in Sources */,
				FF41F220299CBF2C003B1745 /* SignInWithView.swift in Sources */,
				FFB2597829EDB01A005B679B /* RestaurantListViewModel.swift in Sources */,
				FF470E7229A12FCA00314934 /* AuthService.swift in Sources */,
				FFB2351629E19D810053FD59 /* SchemeMapView.swift in Sources */,
				FF68D24129D83FF00064ECF9 /* ReservedRestaurant.swift in Sources */,
				FF41F1F7299C979C003B1745 /* Color.swift in Sources */,
				FFB2597429ED6030005B679B /* PageInfo.swift in Sources */,
				FF9F903D29C5ED4E00386B19 /* Food.swift in Sources */,
				FFEE49DF29BDA9B9003E8466 /* BookViewModel.swift in Sources */,
				FF68D24A29D8A4AB0064ECF9 /* ProfileViewModel.swift in Sources */,
				FFAFDFA329A8B09E002A000B /* FilterViewModel.swift in Sources */,
				FF83D1E229D9723100081B94 /* LogoutView.swift in Sources */,
				FF8BA8B929B8816E00D71861 /* RestaurantRatingStarView.swift in Sources */,
				FF874ED229D1EA2900C42306 /* UIFont.swift in Sources */,
				FF83D1E529D9777300081B94 /* RateRestaurantView.swift in Sources */,
				FF59750729D75425009E15D0 /* Point.swift in Sources */,
				FF936D4C29CB210600302F3E /* FoodDetailView.swift in Sources */,
				FF68D24329D8412E0064ECF9 /* ReservedRestaurantDetail.swift in Sources */,
				FF41F22B299CC721003B1745 /* ProfileImageViewModifier.swift in Sources */,
				FF95EEAC29A7EFFE001D38DE /* RestaurantListView.swift in Sources */,
			);
			runOnlyForDeploymentPostprocessing = 0;
		};
/* End PBXSourcesBuildPhase section */

/* Begin XCBuildConfiguration section */
		FF41F1EF299C939E003B1745 /* Debug */ = {
			isa = XCBuildConfiguration;
			buildSettings = {
				ALWAYS_SEARCH_USER_PATHS = NO;
				CLANG_ANALYZER_NONNULL = YES;
				CLANG_ANALYZER_NUMBER_OBJECT_CONVERSION = YES_AGGRESSIVE;
				CLANG_CXX_LANGUAGE_STANDARD = "gnu++17";
				CLANG_ENABLE_MODULES = YES;
				CLANG_ENABLE_OBJC_ARC = YES;
				CLANG_ENABLE_OBJC_WEAK = YES;
				CLANG_WARN_BLOCK_CAPTURE_AUTORELEASING = YES;
				CLANG_WARN_BOOL_CONVERSION = YES;
				CLANG_WARN_COMMA = YES;
				CLANG_WARN_CONSTANT_CONVERSION = YES;
				CLANG_WARN_DEPRECATED_OBJC_IMPLEMENTATIONS = YES;
				CLANG_WARN_DIRECT_OBJC_ISA_USAGE = YES_ERROR;
				CLANG_WARN_DOCUMENTATION_COMMENTS = YES;
				CLANG_WARN_EMPTY_BODY = YES;
				CLANG_WARN_ENUM_CONVERSION = YES;
				CLANG_WARN_INFINITE_RECURSION = YES;
				CLANG_WARN_INT_CONVERSION = YES;
				CLANG_WARN_NON_LITERAL_NULL_CONVERSION = YES;
				CLANG_WARN_OBJC_IMPLICIT_RETAIN_SELF = YES;
				CLANG_WARN_OBJC_LITERAL_CONVERSION = YES;
				CLANG_WARN_OBJC_ROOT_CLASS = YES_ERROR;
				CLANG_WARN_QUOTED_INCLUDE_IN_FRAMEWORK_HEADER = YES;
				CLANG_WARN_RANGE_LOOP_ANALYSIS = YES;
				CLANG_WARN_STRICT_PROTOTYPES = YES;
				CLANG_WARN_SUSPICIOUS_MOVE = YES;
				CLANG_WARN_UNGUARDED_AVAILABILITY = YES_AGGRESSIVE;
				CLANG_WARN_UNREACHABLE_CODE = YES;
				CLANG_WARN__DUPLICATE_METHOD_MATCH = YES;
				COPY_PHASE_STRIP = NO;
				DEBUG_INFORMATION_FORMAT = dwarf;
				ENABLE_STRICT_OBJC_MSGSEND = YES;
				ENABLE_TESTABILITY = YES;
				GCC_C_LANGUAGE_STANDARD = gnu11;
				GCC_DYNAMIC_NO_PIC = NO;
				GCC_NO_COMMON_BLOCKS = YES;
				GCC_OPTIMIZATION_LEVEL = 0;
				GCC_PREPROCESSOR_DEFINITIONS = (
					"DEBUG=1",
					"$(inherited)",
				);
				GCC_WARN_64_TO_32_BIT_CONVERSION = YES;
				GCC_WARN_ABOUT_RETURN_TYPE = YES_ERROR;
				GCC_WARN_UNDECLARED_SELECTOR = YES;
				GCC_WARN_UNINITIALIZED_AUTOS = YES_AGGRESSIVE;
				GCC_WARN_UNUSED_FUNCTION = YES;
				GCC_WARN_UNUSED_VARIABLE = YES;
				IPHONEOS_DEPLOYMENT_TARGET = 16.0;
				MTL_ENABLE_DEBUG_INFO = INCLUDE_SOURCE;
				MTL_FAST_MATH = YES;
				ONLY_ACTIVE_ARCH = YES;
				SDKROOT = iphoneos;
				SWIFT_ACTIVE_COMPILATION_CONDITIONS = DEBUG;
				SWIFT_OPTIMIZATION_LEVEL = "-Onone";
			};
			name = Debug;
		};
		FF41F1F0299C939E003B1745 /* Release */ = {
			isa = XCBuildConfiguration;
			buildSettings = {
				ALWAYS_SEARCH_USER_PATHS = NO;
				CLANG_ANALYZER_NONNULL = YES;
				CLANG_ANALYZER_NUMBER_OBJECT_CONVERSION = YES_AGGRESSIVE;
				CLANG_CXX_LANGUAGE_STANDARD = "gnu++17";
				CLANG_ENABLE_MODULES = YES;
				CLANG_ENABLE_OBJC_ARC = YES;
				CLANG_ENABLE_OBJC_WEAK = YES;
				CLANG_WARN_BLOCK_CAPTURE_AUTORELEASING = YES;
				CLANG_WARN_BOOL_CONVERSION = YES;
				CLANG_WARN_COMMA = YES;
				CLANG_WARN_CONSTANT_CONVERSION = YES;
				CLANG_WARN_DEPRECATED_OBJC_IMPLEMENTATIONS = YES;
				CLANG_WARN_DIRECT_OBJC_ISA_USAGE = YES_ERROR;
				CLANG_WARN_DOCUMENTATION_COMMENTS = YES;
				CLANG_WARN_EMPTY_BODY = YES;
				CLANG_WARN_ENUM_CONVERSION = YES;
				CLANG_WARN_INFINITE_RECURSION = YES;
				CLANG_WARN_INT_CONVERSION = YES;
				CLANG_WARN_NON_LITERAL_NULL_CONVERSION = YES;
				CLANG_WARN_OBJC_IMPLICIT_RETAIN_SELF = YES;
				CLANG_WARN_OBJC_LITERAL_CONVERSION = YES;
				CLANG_WARN_OBJC_ROOT_CLASS = YES_ERROR;
				CLANG_WARN_QUOTED_INCLUDE_IN_FRAMEWORK_HEADER = YES;
				CLANG_WARN_RANGE_LOOP_ANALYSIS = YES;
				CLANG_WARN_STRICT_PROTOTYPES = YES;
				CLANG_WARN_SUSPICIOUS_MOVE = YES;
				CLANG_WARN_UNGUARDED_AVAILABILITY = YES_AGGRESSIVE;
				CLANG_WARN_UNREACHABLE_CODE = YES;
				CLANG_WARN__DUPLICATE_METHOD_MATCH = YES;
				COPY_PHASE_STRIP = NO;
				DEBUG_INFORMATION_FORMAT = "dwarf-with-dsym";
				ENABLE_NS_ASSERTIONS = NO;
				ENABLE_STRICT_OBJC_MSGSEND = YES;
				GCC_C_LANGUAGE_STANDARD = gnu11;
				GCC_NO_COMMON_BLOCKS = YES;
				GCC_WARN_64_TO_32_BIT_CONVERSION = YES;
				GCC_WARN_ABOUT_RETURN_TYPE = YES_ERROR;
				GCC_WARN_UNDECLARED_SELECTOR = YES;
				GCC_WARN_UNINITIALIZED_AUTOS = YES_AGGRESSIVE;
				GCC_WARN_UNUSED_FUNCTION = YES;
				GCC_WARN_UNUSED_VARIABLE = YES;
				IPHONEOS_DEPLOYMENT_TARGET = 16.0;
				MTL_ENABLE_DEBUG_INFO = NO;
				MTL_FAST_MATH = YES;
				SDKROOT = iphoneos;
				SWIFT_COMPILATION_MODE = wholemodule;
				SWIFT_OPTIMIZATION_LEVEL = "-O";
				VALIDATE_PRODUCT = YES;
			};
			name = Release;
		};
		FF41F1F2299C939E003B1745 /* Debug */ = {
			isa = XCBuildConfiguration;
			buildSettings = {
				ASSETCATALOG_COMPILER_APPICON_NAME = AppIcon;
				ASSETCATALOG_COMPILER_GLOBAL_ACCENT_COLOR_NAME = AccentColor;
				CODE_SIGN_ENTITLEMENTS = RestaurantBooking/RestaurantBooking.entitlements;
				CODE_SIGN_IDENTITY = "Apple Development";
				CODE_SIGN_STYLE = Automatic;
				CURRENT_PROJECT_VERSION = 1;
				DEVELOPMENT_ASSET_PATHS = "\"RestaurantBooking/Preview Content\"";
				DEVELOPMENT_TEAM = 3RYA52PLG7;
				ENABLE_PREVIEWS = YES;
				GENERATE_INFOPLIST_FILE = YES;
				INFOPLIST_KEY_NSFaceIDUsageDescription = "Allow to use  \"FaceID\" information to unlock the data.";
				INFOPLIST_KEY_UIApplicationSceneManifest_Generation = YES;
				INFOPLIST_KEY_UIApplicationSupportsIndirectInputEvents = YES;
				INFOPLIST_KEY_UILaunchScreen_Generation = YES;
				INFOPLIST_KEY_UISupportedInterfaceOrientations = "UIInterfaceOrientationPortrait UIInterfaceOrientationPortraitUpsideDown";
				INFOPLIST_KEY_UISupportedInterfaceOrientations_iPad = "UIInterfaceOrientationPortrait UIInterfaceOrientationPortraitUpsideDown";
				INFOPLIST_KEY_UISupportedInterfaceOrientations_iPhone = UIInterfaceOrientationPortrait;
				IPHONEOS_DEPLOYMENT_TARGET = 16.0;
				LD_RUNPATH_SEARCH_PATHS = (
					"$(inherited)",
					"@executable_path/Frameworks",
				);
				MARKETING_VERSION = 1.0;
				PRODUCT_BUNDLE_IDENTIFIER = com.benyam.RestaurantBooking;
				PRODUCT_NAME = "$(TARGET_NAME)";
				PROVISIONING_PROFILE_SPECIFIER = "";
				SWIFT_EMIT_LOC_STRINGS = YES;
				SWIFT_VERSION = 5.0;
				TARGETED_DEVICE_FAMILY = "1,2";
			};
			name = Debug;
		};
		FF41F1F3299C939E003B1745 /* Release */ = {
			isa = XCBuildConfiguration;
			buildSettings = {
				ASSETCATALOG_COMPILER_APPICON_NAME = AppIcon;
				ASSETCATALOG_COMPILER_GLOBAL_ACCENT_COLOR_NAME = AccentColor;
				CODE_SIGN_ENTITLEMENTS = RestaurantBooking/RestaurantBooking.entitlements;
				CODE_SIGN_IDENTITY = "Apple Development";
				CODE_SIGN_STYLE = Automatic;
				CURRENT_PROJECT_VERSION = 1;
				DEVELOPMENT_ASSET_PATHS = "\"RestaurantBooking/Preview Content\"";
				DEVELOPMENT_TEAM = 3RYA52PLG7;
				ENABLE_PREVIEWS = YES;
				GENERATE_INFOPLIST_FILE = YES;
				INFOPLIST_KEY_NSFaceIDUsageDescription = "Allow to use  \"FaceID\" information to unlock the data.";
				INFOPLIST_KEY_UIApplicationSceneManifest_Generation = YES;
				INFOPLIST_KEY_UIApplicationSupportsIndirectInputEvents = YES;
				INFOPLIST_KEY_UILaunchScreen_Generation = YES;
				INFOPLIST_KEY_UISupportedInterfaceOrientations = "UIInterfaceOrientationPortrait UIInterfaceOrientationPortraitUpsideDown";
				INFOPLIST_KEY_UISupportedInterfaceOrientations_iPad = "UIInterfaceOrientationPortrait UIInterfaceOrientationPortraitUpsideDown";
				INFOPLIST_KEY_UISupportedInterfaceOrientations_iPhone = UIInterfaceOrientationPortrait;
				IPHONEOS_DEPLOYMENT_TARGET = 16.0;
				LD_RUNPATH_SEARCH_PATHS = (
					"$(inherited)",
					"@executable_path/Frameworks",
				);
				MARKETING_VERSION = 1.0;
				PRODUCT_BUNDLE_IDENTIFIER = com.benyam.RestaurantBooking;
				PRODUCT_NAME = "$(TARGET_NAME)";
				PROVISIONING_PROFILE_SPECIFIER = "";
				SWIFT_EMIT_LOC_STRINGS = YES;
				SWIFT_VERSION = 5.0;
				TARGETED_DEVICE_FAMILY = "1,2";
			};
			name = Release;
		};
/* End XCBuildConfiguration section */

/* Begin XCConfigurationList section */
		FF41F1DE299C939B003B1745 /* Build configuration list for PBXProject "RestaurantBooking" */ = {
			isa = XCConfigurationList;
			buildConfigurations = (
				FF41F1EF299C939E003B1745 /* Debug */,
				FF41F1F0299C939E003B1745 /* Release */,
			);
			defaultConfigurationIsVisible = 0;
			defaultConfigurationName = Release;
		};
		FF41F1F1299C939E003B1745 /* Build configuration list for PBXNativeTarget "RestaurantBooking" */ = {
			isa = XCConfigurationList;
			buildConfigurations = (
				FF41F1F2299C939E003B1745 /* Debug */,
				FF41F1F3299C939E003B1745 /* Release */,
			);
			defaultConfigurationIsVisible = 0;
			defaultConfigurationName = Release;
		};
/* End XCConfigurationList section */
	};
	rootObject = FF41F1DB299C939B003B1745 /* Project object */;
}
